// !$*UTF8*$!
{
	archiveVersion = 1;
	classes = {
	};
	objectVersion = 46;
	objects = {

/* Begin PBXBuildFile section */
		380F5816171711CE005ED397 /* UIKit.framework in Frameworks */ = {isa = PBXBuildFile; fileRef = 380F5815171711CE005ED397 /* UIKit.framework */; };
		380F5818171711CE005ED397 /* Foundation.framework in Frameworks */ = {isa = PBXBuildFile; fileRef = 380F5817171711CE005ED397 /* Foundation.framework */; };
		380F581A171711CE005ED397 /* CoreGraphics.framework in Frameworks */ = {isa = PBXBuildFile; fileRef = 380F5819171711CE005ED397 /* CoreGraphics.framework */; };
		380F5820171711CF005ED397 /* InfoPlist.strings in Resources */ = {isa = PBXBuildFile; fileRef = 380F581E171711CF005ED397 /* InfoPlist.strings */; };
		380F5822171711CF005ED397 /* main.m in Sources */ = {isa = PBXBuildFile; fileRef = 380F5821171711CF005ED397 /* main.m */; };
		380F5826171711CF005ED397 /* AppDelegate.m in Sources */ = {isa = PBXBuildFile; fileRef = 380F5825171711CF005ED397 /* AppDelegate.m */; };
		380F5828171711CF005ED397 /* Default.png in Resources */ = {isa = PBXBuildFile; fileRef = 380F5827171711CF005ED397 /* Default.png */; };
		380F582A171711CF005ED397 /* Default@2x.png in Resources */ = {isa = PBXBuildFile; fileRef = 380F5829171711CF005ED397 /* Default@2x.png */; };
		380F582C171711CF005ED397 /* Default-568h@2x.png in Resources */ = {isa = PBXBuildFile; fileRef = 380F582B171711CF005ED397 /* Default-568h@2x.png */; };
		380F5834171711CF005ED397 /* SenTestingKit.framework in Frameworks */ = {isa = PBXBuildFile; fileRef = 380F5833171711CF005ED397 /* SenTestingKit.framework */; };
		380F5835171711CF005ED397 /* UIKit.framework in Frameworks */ = {isa = PBXBuildFile; fileRef = 380F5815171711CE005ED397 /* UIKit.framework */; };
		380F5836171711CF005ED397 /* Foundation.framework in Frameworks */ = {isa = PBXBuildFile; fileRef = 380F5817171711CE005ED397 /* Foundation.framework */; };
		380F583E171711CF005ED397 /* InfoPlist.strings in Resources */ = {isa = PBXBuildFile; fileRef = 380F583C171711CF005ED397 /* InfoPlist.strings */; };
		380F5841171711CF005ED397 /* ipad_stats2Tests.m in Sources */ = {isa = PBXBuildFile; fileRef = 380F5840171711CF005ED397 /* ipad_stats2Tests.m */; };
		380F584C171712F8005ED397 /* StatViewController.m in Sources */ = {isa = PBXBuildFile; fileRef = 380F584B171712F8005ED397 /* StatViewController.m */; };
		380F584F1717136B005ED397 /* CourtView.m in Sources */ = {isa = PBXBuildFile; fileRef = 380F584E1717136B005ED397 /* CourtView.m */; };
		380F58501717136B005ED397 /* CourtView.m in Sources */ = {isa = PBXBuildFile; fileRef = 380F584E1717136B005ED397 /* CourtView.m */; };
		380F585917173845005ED397 /* Pitt_center.png in Resources */ = {isa = PBXBuildFile; fileRef = 380F585817173845005ED397 /* Pitt_center.png */; };
		380F585A17173845005ED397 /* Pitt_center.png in Resources */ = {isa = PBXBuildFile; fileRef = 380F585817173845005ED397 /* Pitt_center.png */; };
		380F585D17173B07005ED397 /* CourtOverlayView.m in Sources */ = {isa = PBXBuildFile; fileRef = 380F585C17173B07005ED397 /* CourtOverlayView.m */; };
		380F585E17173B07005ED397 /* CourtOverlayView.m in Sources */ = {isa = PBXBuildFile; fileRef = 380F585C17173B07005ED397 /* CourtOverlayView.m */; };
		380F58611717418E005ED397 /* FancyMultipleButtonsView.m in Sources */ = {isa = PBXBuildFile; fileRef = 380F58601717418D005ED397 /* FancyMultipleButtonsView.m */; };
		38651F011729725700D99AB4 /* ScoreView.m in Sources */ = {isa = PBXBuildFile; fileRef = 38651F001729725700D99AB4 /* ScoreView.m */; };
		38651F0C1729CF3900D99AB4 /* StatAnalysisViewController.m in Sources */ = {isa = PBXBuildFile; fileRef = 38651F0B1729CF3900D99AB4 /* StatAnalysisViewController.m */; };
		387C4CAC17301F5B0002CA0B /* Serializable.m in Sources */ = {isa = PBXBuildFile; fileRef = 387C4CAB17301F5B0002CA0B /* Serializable.m */; };
		387C4CAF17301F970002CA0B /* CommonUtil.m in Sources */ = {isa = PBXBuildFile; fileRef = 387C4CAE17301F970002CA0B /* CommonUtil.m */; };
		387C4CB3173020E60002CA0B /* Game.m in Sources */ = {isa = PBXBuildFile; fileRef = 387C4CB2173020E60002CA0B /* Game.m */; };
		387C4CB6173028D30002CA0B /* Stat.m in Sources */ = {isa = PBXBuildFile; fileRef = 387C4CB5173028D30002CA0B /* Stat.m */; };
		387C4CB9173033970002CA0B /* GamesMenuViewController.m in Sources */ = {isa = PBXBuildFile; fileRef = 387C4CB8173033970002CA0B /* GamesMenuViewController.m */; };
		387C4CBC17303AFD0002CA0B /* Play.m in Sources */ = {isa = PBXBuildFile; fileRef = 387C4CBB17303AFD0002CA0B /* Play.m */; };
		38CD88B917271D420099A3EB /* DrawnStatViewController.m in Sources */ = {isa = PBXBuildFile; fileRef = 38CD88B817271D420099A3EB /* DrawnStatViewController.m */; };
		38CD88BC17271E0A0099A3EB /* DrawingView.m in Sources */ = {isa = PBXBuildFile; fileRef = 38CD88BB17271E0A0099A3EB /* DrawingView.m */; };
		38E4A7FE17272C8100C7E1AF /* FullScreenChoiceViewController.m in Sources */ = {isa = PBXBuildFile; fileRef = 38E4A7FD17272C8100C7E1AF /* FullScreenChoiceViewController.m */; };
		9182738118B549FFAA38C230 /* libPods.a in Frameworks */ = {isa = PBXBuildFile; fileRef = 8137AC22AF1A4BF591EC415D /* libPods.a */; };
		F170B4C9174D68FF00ED6597 /* PatternTable.h in Resources */ = {isa = PBXBuildFile; fileRef = F170B4C7174D68FF00ED6597 /* PatternTable.h */; };
		F170B4CA174D68FF00ED6597 /* PatternTable.m in Resources */ = {isa = PBXBuildFile; fileRef = F170B4C8174D68FF00ED6597 /* PatternTable.m */; };
		F170B4D0174EB27F00ED6597 /* LinesView.m in Sources */ = {isa = PBXBuildFile; fileRef = F170B4CF174EB27F00ED6597 /* LinesView.m */; };
		F1CD0DBB173C877B006F4A32 /* StatAnalyzer.m in Sources */ = {isa = PBXBuildFile; fileRef = F1CD0DBA173C877B006F4A32 /* StatAnalyzer.m */; };
/* End PBXBuildFile section */

/* Begin PBXContainerItemProxy section */
		380F5837171711CF005ED397 /* PBXContainerItemProxy */ = {
			isa = PBXContainerItemProxy;
			containerPortal = 380F580A171711CE005ED397 /* Project object */;
			proxyType = 1;
			remoteGlobalIDString = 380F5811171711CE005ED397;
			remoteInfo = "ipad-stats2";
		};
/* End PBXContainerItemProxy section */

/* Begin PBXFileReference section */
		380F5812171711CE005ED397 /* ipad-stats2.app */ = {isa = PBXFileReference; explicitFileType = wrapper.application; includeInIndex = 0; path = "ipad-stats2.app"; sourceTree = BUILT_PRODUCTS_DIR; };
		380F5815171711CE005ED397 /* UIKit.framework */ = {isa = PBXFileReference; lastKnownFileType = wrapper.framework; name = UIKit.framework; path = System/Library/Frameworks/UIKit.framework; sourceTree = SDKROOT; };
		380F5817171711CE005ED397 /* Foundation.framework */ = {isa = PBXFileReference; lastKnownFileType = wrapper.framework; name = Foundation.framework; path = System/Library/Frameworks/Foundation.framework; sourceTree = SDKROOT; };
		380F5819171711CE005ED397 /* CoreGraphics.framework */ = {isa = PBXFileReference; lastKnownFileType = wrapper.framework; name = CoreGraphics.framework; path = System/Library/Frameworks/CoreGraphics.framework; sourceTree = SDKROOT; };
		380F581D171711CE005ED397 /* ipad-stats2-Info.plist */ = {isa = PBXFileReference; lastKnownFileType = text.plist.xml; path = "ipad-stats2-Info.plist"; sourceTree = "<group>"; };
		380F581F171711CF005ED397 /* en */ = {isa = PBXFileReference; lastKnownFileType = text.plist.strings; name = en; path = en.lproj/InfoPlist.strings; sourceTree = "<group>"; };
		380F5821171711CF005ED397 /* main.m */ = {isa = PBXFileReference; lastKnownFileType = sourcecode.c.objc; path = main.m; sourceTree = "<group>"; };
		380F5823171711CF005ED397 /* ipad-stats2-Prefix.pch */ = {isa = PBXFileReference; lastKnownFileType = sourcecode.c.h; path = "ipad-stats2-Prefix.pch"; sourceTree = "<group>"; };
		380F5824171711CF005ED397 /* AppDelegate.h */ = {isa = PBXFileReference; lastKnownFileType = sourcecode.c.h; path = AppDelegate.h; sourceTree = "<group>"; };
		380F5825171711CF005ED397 /* AppDelegate.m */ = {isa = PBXFileReference; lastKnownFileType = sourcecode.c.objc; path = AppDelegate.m; sourceTree = "<group>"; };
		380F5827171711CF005ED397 /* Default.png */ = {isa = PBXFileReference; lastKnownFileType = image.png; path = Default.png; sourceTree = "<group>"; };
		380F5829171711CF005ED397 /* Default@2x.png */ = {isa = PBXFileReference; lastKnownFileType = image.png; path = "Default@2x.png"; sourceTree = "<group>"; };
		380F582B171711CF005ED397 /* Default-568h@2x.png */ = {isa = PBXFileReference; lastKnownFileType = image.png; path = "Default-568h@2x.png"; sourceTree = "<group>"; };
		380F5832171711CF005ED397 /* ipad-stats2Tests.octest */ = {isa = PBXFileReference; explicitFileType = wrapper.cfbundle; includeInIndex = 0; path = "ipad-stats2Tests.octest"; sourceTree = BUILT_PRODUCTS_DIR; };
		380F5833171711CF005ED397 /* SenTestingKit.framework */ = {isa = PBXFileReference; lastKnownFileType = wrapper.framework; name = SenTestingKit.framework; path = Library/Frameworks/SenTestingKit.framework; sourceTree = DEVELOPER_DIR; };
		380F583B171711CF005ED397 /* ipad-stats2Tests-Info.plist */ = {isa = PBXFileReference; lastKnownFileType = text.plist.xml; path = "ipad-stats2Tests-Info.plist"; sourceTree = "<group>"; };
		380F583D171711CF005ED397 /* en */ = {isa = PBXFileReference; lastKnownFileType = text.plist.strings; name = en; path = en.lproj/InfoPlist.strings; sourceTree = "<group>"; };
		380F583F171711CF005ED397 /* ipad_stats2Tests.h */ = {isa = PBXFileReference; lastKnownFileType = sourcecode.c.h; path = ipad_stats2Tests.h; sourceTree = "<group>"; };
		380F5840171711CF005ED397 /* ipad_stats2Tests.m */ = {isa = PBXFileReference; lastKnownFileType = sourcecode.c.objc; path = ipad_stats2Tests.m; sourceTree = "<group>"; };
		380F584A171712F8005ED397 /* StatViewController.h */ = {isa = PBXFileReference; fileEncoding = 4; lastKnownFileType = sourcecode.c.h; path = StatViewController.h; sourceTree = "<group>"; };
		380F584B171712F8005ED397 /* StatViewController.m */ = {isa = PBXFileReference; fileEncoding = 4; lastKnownFileType = sourcecode.c.objc; path = StatViewController.m; sourceTree = "<group>"; };
		380F584D1717136B005ED397 /* CourtView.h */ = {isa = PBXFileReference; fileEncoding = 4; lastKnownFileType = sourcecode.c.h; path = CourtView.h; sourceTree = "<group>"; };
		380F584E1717136B005ED397 /* CourtView.m */ = {isa = PBXFileReference; fileEncoding = 4; lastKnownFileType = sourcecode.c.objc; path = CourtView.m; sourceTree = "<group>"; };
		380F585817173845005ED397 /* Pitt_center.png */ = {isa = PBXFileReference; lastKnownFileType = image.png; path = Pitt_center.png; sourceTree = "<group>"; };
		380F585B17173B07005ED397 /* CourtOverlayView.h */ = {isa = PBXFileReference; fileEncoding = 4; lastKnownFileType = sourcecode.c.h; path = CourtOverlayView.h; sourceTree = "<group>"; };
		380F585C17173B07005ED397 /* CourtOverlayView.m */ = {isa = PBXFileReference; fileEncoding = 4; lastKnownFileType = sourcecode.c.objc; path = CourtOverlayView.m; sourceTree = "<group>"; };
		380F585F1717418D005ED397 /* FancyMultipleButtonsView.h */ = {isa = PBXFileReference; fileEncoding = 4; lastKnownFileType = sourcecode.c.h; path = FancyMultipleButtonsView.h; sourceTree = "<group>"; };
		380F58601717418D005ED397 /* FancyMultipleButtonsView.m */ = {isa = PBXFileReference; fileEncoding = 4; lastKnownFileType = sourcecode.c.objc; path = FancyMultipleButtonsView.m; sourceTree = "<group>"; };
		38651EFF1729725700D99AB4 /* ScoreView.h */ = {isa = PBXFileReference; fileEncoding = 4; lastKnownFileType = sourcecode.c.h; name = ScoreView.h; path = "ipad-stats2/ScoreView.h"; sourceTree = "<group>"; };
		38651F001729725700D99AB4 /* ScoreView.m */ = {isa = PBXFileReference; fileEncoding = 4; lastKnownFileType = sourcecode.c.objc; name = ScoreView.m; path = "ipad-stats2/ScoreView.m"; sourceTree = "<group>"; };
		38651F0A1729CF3900D99AB4 /* StatAnalysisViewController.h */ = {isa = PBXFileReference; fileEncoding = 4; lastKnownFileType = sourcecode.c.h; path = StatAnalysisViewController.h; sourceTree = "<group>"; };
		38651F0B1729CF3900D99AB4 /* StatAnalysisViewController.m */ = {isa = PBXFileReference; fileEncoding = 4; lastKnownFileType = sourcecode.c.objc; path = StatAnalysisViewController.m; sourceTree = "<group>"; };
		387C4CAA17301F5B0002CA0B /* Serializable.h */ = {isa = PBXFileReference; fileEncoding = 4; lastKnownFileType = sourcecode.c.h; path = Serializable.h; sourceTree = "<group>"; };
		387C4CAB17301F5B0002CA0B /* Serializable.m */ = {isa = PBXFileReference; fileEncoding = 4; lastKnownFileType = sourcecode.c.objc; path = Serializable.m; sourceTree = "<group>"; };
		387C4CAD17301F970002CA0B /* CommonUtil.h */ = {isa = PBXFileReference; fileEncoding = 4; lastKnownFileType = sourcecode.c.h; path = CommonUtil.h; sourceTree = "<group>"; };
		387C4CAE17301F970002CA0B /* CommonUtil.m */ = {isa = PBXFileReference; fileEncoding = 4; lastKnownFileType = sourcecode.c.objc; path = CommonUtil.m; sourceTree = "<group>"; };
		387C4CB1173020E60002CA0B /* Game.h */ = {isa = PBXFileReference; fileEncoding = 4; lastKnownFileType = sourcecode.c.h; path = Game.h; sourceTree = "<group>"; };
		387C4CB2173020E60002CA0B /* Game.m */ = {isa = PBXFileReference; fileEncoding = 4; lastKnownFileType = sourcecode.c.objc; path = Game.m; sourceTree = "<group>"; };
		387C4CB4173028D30002CA0B /* Stat.h */ = {isa = PBXFileReference; fileEncoding = 4; lastKnownFileType = sourcecode.c.h; path = Stat.h; sourceTree = "<group>"; };
		387C4CB5173028D30002CA0B /* Stat.m */ = {isa = PBXFileReference; fileEncoding = 4; lastKnownFileType = sourcecode.c.objc; path = Stat.m; sourceTree = "<group>"; };
		387C4CB7173033970002CA0B /* GamesMenuViewController.h */ = {isa = PBXFileReference; fileEncoding = 4; lastKnownFileType = sourcecode.c.h; path = GamesMenuViewController.h; sourceTree = "<group>"; };
		387C4CB8173033970002CA0B /* GamesMenuViewController.m */ = {isa = PBXFileReference; fileEncoding = 4; lastKnownFileType = sourcecode.c.objc; path = GamesMenuViewController.m; sourceTree = "<group>"; };
		387C4CBA17303AFC0002CA0B /* Play.h */ = {isa = PBXFileReference; fileEncoding = 4; lastKnownFileType = sourcecode.c.h; name = Play.h; path = ../Play.h; sourceTree = "<group>"; };
		387C4CBB17303AFD0002CA0B /* Play.m */ = {isa = PBXFileReference; fileEncoding = 4; lastKnownFileType = sourcecode.c.objc; name = Play.m; path = ../Play.m; sourceTree = "<group>"; };
		38CD88B717271D420099A3EB /* DrawnStatViewController.h */ = {isa = PBXFileReference; fileEncoding = 4; lastKnownFileType = sourcecode.c.h; path = DrawnStatViewController.h; sourceTree = "<group>"; };
		38CD88B817271D420099A3EB /* DrawnStatViewController.m */ = {isa = PBXFileReference; fileEncoding = 4; lastKnownFileType = sourcecode.c.objc; path = DrawnStatViewController.m; sourceTree = "<group>"; };
		38CD88BA17271E0A0099A3EB /* DrawingView.h */ = {isa = PBXFileReference; fileEncoding = 4; lastKnownFileType = sourcecode.c.h; path = DrawingView.h; sourceTree = "<group>"; };
		38CD88BB17271E0A0099A3EB /* DrawingView.m */ = {isa = PBXFileReference; fileEncoding = 4; lastKnownFileType = sourcecode.c.objc; path = DrawingView.m; sourceTree = "<group>"; };
		38E4A7FC17272C8100C7E1AF /* FullScreenChoiceViewController.h */ = {isa = PBXFileReference; fileEncoding = 4; lastKnownFileType = sourcecode.c.h; path = FullScreenChoiceViewController.h; sourceTree = "<group>"; };
		38E4A7FD17272C8100C7E1AF /* FullScreenChoiceViewController.m */ = {isa = PBXFileReference; fileEncoding = 4; lastKnownFileType = sourcecode.c.objc; path = FullScreenChoiceViewController.m; sourceTree = "<group>"; };
		8137AC22AF1A4BF591EC415D /* libPods.a */ = {isa = PBXFileReference; explicitFileType = archive.ar; includeInIndex = 0; path = libPods.a; sourceTree = BUILT_PRODUCTS_DIR; };
		9D70FECAF87B406C9EFE0B41 /* Pods.xcconfig */ = {isa = PBXFileReference; includeInIndex = 1; lastKnownFileType = text.xcconfig; name = Pods.xcconfig; path = Pods/Pods.xcconfig; sourceTree = SOURCE_ROOT; };
		F170B4C7174D68FF00ED6597 /* PatternTable.h */ = {isa = PBXFileReference; lastKnownFileType = file; name = PatternTable.h; path = ../PatternTable.h; sourceTree = "<group>"; };
		F170B4C8174D68FF00ED6597 /* PatternTable.m */ = {isa = PBXFileReference; lastKnownFileType = file; name = PatternTable.m; path = ../PatternTable.m; sourceTree = "<group>"; };
		F170B4CE174EB27E00ED6597 /* LinesView.h */ = {isa = PBXFileReference; fileEncoding = 4; lastKnownFileType = sourcecode.c.h; path = LinesView.h; sourceTree = "<group>"; };
		F170B4CF174EB27F00ED6597 /* LinesView.m */ = {isa = PBXFileReference; fileEncoding = 4; lastKnownFileType = sourcecode.c.objc; path = LinesView.m; sourceTree = "<group>"; };
		F1CD0DB9173C877B006F4A32 /* StatAnalyzer.h */ = {isa = PBXFileReference; fileEncoding = 4; lastKnownFileType = sourcecode.c.h; path = StatAnalyzer.h; sourceTree = "<group>"; };
		F1CD0DBA173C877B006F4A32 /* StatAnalyzer.m */ = {isa = PBXFileReference; fileEncoding = 4; lastKnownFileType = sourcecode.c.objc; path = StatAnalyzer.m; sourceTree = "<group>"; };
/* End PBXFileReference section */

/* Begin PBXFrameworksBuildPhase section */
		380F580F171711CE005ED397 /* Frameworks */ = {
			isa = PBXFrameworksBuildPhase;
			buildActionMask = 2147483647;
			files = (
				380F5816171711CE005ED397 /* UIKit.framework in Frameworks */,
				380F5818171711CE005ED397 /* Foundation.framework in Frameworks */,
				380F581A171711CE005ED397 /* CoreGraphics.framework in Frameworks */,
				9182738118B549FFAA38C230 /* libPods.a in Frameworks */,
			);
			runOnlyForDeploymentPostprocessing = 0;
		};
		380F582E171711CF005ED397 /* Frameworks */ = {
			isa = PBXFrameworksBuildPhase;
			buildActionMask = 2147483647;
			files = (
				380F5834171711CF005ED397 /* SenTestingKit.framework in Frameworks */,
				380F5835171711CF005ED397 /* UIKit.framework in Frameworks */,
				380F5836171711CF005ED397 /* Foundation.framework in Frameworks */,
			);
			runOnlyForDeploymentPostprocessing = 0;
		};
/* End PBXFrameworksBuildPhase section */

/* Begin PBXGroup section */
		380F5809171711CE005ED397 = {
			isa = PBXGroup;
			children = (
				387C4CB7173033970002CA0B /* GamesMenuViewController.h */,
				387C4CB8173033970002CA0B /* GamesMenuViewController.m */,
				38651F0A1729CF3900D99AB4 /* StatAnalysisViewController.h */,
				38651F0B1729CF3900D99AB4 /* StatAnalysisViewController.m */,
				38651EFF1729725700D99AB4 /* ScoreView.h */,
				38651F001729725700D99AB4 /* ScoreView.m */,
				380F581B171711CE005ED397 /* ipad-stats2 */,
				380F5839171711CF005ED397 /* ipad-stats2Tests */,
				380F5814171711CE005ED397 /* Frameworks */,
				380F5813171711CE005ED397 /* Products */,
				9D70FECAF87B406C9EFE0B41 /* Pods.xcconfig */,
			);
			sourceTree = "<group>";
		};
		380F5813171711CE005ED397 /* Products */ = {
			isa = PBXGroup;
			children = (
				380F5812171711CE005ED397 /* ipad-stats2.app */,
				380F5832171711CF005ED397 /* ipad-stats2Tests.octest */,
			);
			name = Products;
			sourceTree = "<group>";
		};
		380F5814171711CE005ED397 /* Frameworks */ = {
			isa = PBXGroup;
			children = (
				380F5815171711CE005ED397 /* UIKit.framework */,
				380F5817171711CE005ED397 /* Foundation.framework */,
				380F5819171711CE005ED397 /* CoreGraphics.framework */,
				380F5833171711CF005ED397 /* SenTestingKit.framework */,
				8137AC22AF1A4BF591EC415D /* libPods.a */,
			);
			name = Frameworks;
			sourceTree = "<group>";
		};
		380F581B171711CE005ED397 /* ipad-stats2 */ = {
			isa = PBXGroup;
			children = (
				F1CD0DB8173C8715006F4A32 /* Analysis */,
				387C4CB0173020CE0002CA0B /* models */,
				380F585117172EC5005ED397 /* images */,
				380F5824171711CF005ED397 /* AppDelegate.h */,
				380F5825171711CF005ED397 /* AppDelegate.m */,
				380F584A171712F8005ED397 /* StatViewController.h */,
				380F584B171712F8005ED397 /* StatViewController.m */,
				380F584D1717136B005ED397 /* CourtView.h */,
				380F584E1717136B005ED397 /* CourtView.m */,
				F170B4C7174D68FF00ED6597 /* PatternTable.h */,
				F170B4C8174D68FF00ED6597 /* PatternTable.m */,
				380F585B17173B07005ED397 /* CourtOverlayView.h */,
				380F585C17173B07005ED397 /* CourtOverlayView.m */,
				380F585F1717418D005ED397 /* FancyMultipleButtonsView.h */,
				380F58601717418D005ED397 /* FancyMultipleButtonsView.m */,
				38CD88B717271D420099A3EB /* DrawnStatViewController.h */,
				38CD88B817271D420099A3EB /* DrawnStatViewController.m */,
				F170B4CE174EB27E00ED6597 /* LinesView.h */,
				F170B4CF174EB27F00ED6597 /* LinesView.m */,
				38CD88BA17271E0A0099A3EB /* DrawingView.h */,
				38CD88BB17271E0A0099A3EB /* DrawingView.m */,
				38E4A7FC17272C8100C7E1AF /* FullScreenChoiceViewController.h */,
				38E4A7FD17272C8100C7E1AF /* FullScreenChoiceViewController.m */,
				380F581C171711CE005ED397 /* Supporting Files */,
				387C4CAA17301F5B0002CA0B /* Serializable.h */,
				387C4CAB17301F5B0002CA0B /* Serializable.m */,
				387C4CAD17301F970002CA0B /* CommonUtil.h */,
				387C4CAE17301F970002CA0B /* CommonUtil.m */,
			);
			path = "ipad-stats2";
			sourceTree = "<group>";
		};
		380F581C171711CE005ED397 /* Supporting Files */ = {
			isa = PBXGroup;
			children = (
				380F581D171711CE005ED397 /* ipad-stats2-Info.plist */,
				380F581E171711CF005ED397 /* InfoPlist.strings */,
				380F5821171711CF005ED397 /* main.m */,
				380F5823171711CF005ED397 /* ipad-stats2-Prefix.pch */,
				380F5827171711CF005ED397 /* Default.png */,
				380F5829171711CF005ED397 /* Default@2x.png */,
				380F582B171711CF005ED397 /* Default-568h@2x.png */,
			);
			name = "Supporting Files";
			sourceTree = "<group>";
		};
		380F5839171711CF005ED397 /* ipad-stats2Tests */ = {
			isa = PBXGroup;
			children = (
				380F583F171711CF005ED397 /* ipad_stats2Tests.h */,
				380F5840171711CF005ED397 /* ipad_stats2Tests.m */,
				380F583A171711CF005ED397 /* Supporting Files */,
			);
			path = "ipad-stats2Tests";
			sourceTree = "<group>";
		};
		380F583A171711CF005ED397 /* Supporting Files */ = {
			isa = PBXGroup;
			children = (
				380F583B171711CF005ED397 /* ipad-stats2Tests-Info.plist */,
				380F583C171711CF005ED397 /* InfoPlist.strings */,
			);
			name = "Supporting Files";
			sourceTree = "<group>";
		};
		380F585117172EC5005ED397 /* images */ = {
			isa = PBXGroup;
			children = (
				380F585817173845005ED397 /* Pitt_center.png */,
			);
			name = images;
			sourceTree = "<group>";
		};
		387C4CB0173020CE0002CA0B /* models */ = {
			isa = PBXGroup;
			children = (
				387C4CBA17303AFC0002CA0B /* Play.h */,
				387C4CBB17303AFD0002CA0B /* Play.m */,
				387C4CB1173020E60002CA0B /* Game.h */,
				387C4CB2173020E60002CA0B /* Game.m */,
				387C4CB4173028D30002CA0B /* Stat.h */,
				387C4CB5173028D30002CA0B /* Stat.m */,
			);
			name = models;
			sourceTree = "<group>";
		};
		F1CD0DB8173C8715006F4A32 /* Analysis */ = {
			isa = PBXGroup;
			children = (
				F1CD0DB9173C877B006F4A32 /* StatAnalyzer.h */,
				F1CD0DBA173C877B006F4A32 /* StatAnalyzer.m */,
			);
			name = Analysis;
			sourceTree = "<group>";
		};
/* End PBXGroup section */

/* Begin PBXNativeTarget section */
		380F5811171711CE005ED397 /* ipad-stats2 */ = {
			isa = PBXNativeTarget;
			buildConfigurationList = 380F5844171711CF005ED397 /* Build configuration list for PBXNativeTarget "ipad-stats2" */;
			buildPhases = (
				380F580E171711CE005ED397 /* Sources */,
				380F580F171711CE005ED397 /* Frameworks */,
				380F5810171711CE005ED397 /* Resources */,
				32DCC6BF4E9B4249B491CAAF /* Copy Pods Resources */,
			);
			buildRules = (
			);
			dependencies = (
			);
			name = "ipad-stats2";
			productName = "ipad-stats2";
			productReference = 380F5812171711CE005ED397 /* ipad-stats2.app */;
			productType = "com.apple.product-type.application";
		};
		380F5831171711CF005ED397 /* ipad-stats2Tests */ = {
			isa = PBXNativeTarget;
			buildConfigurationList = 380F5847171711CF005ED397 /* Build configuration list for PBXNativeTarget "ipad-stats2Tests" */;
			buildPhases = (
				380F582D171711CF005ED397 /* Sources */,
				380F582E171711CF005ED397 /* Frameworks */,
				380F582F171711CF005ED397 /* Resources */,
				380F5830171711CF005ED397 /* ShellScript */,
			);
			buildRules = (
			);
			dependencies = (
				380F5838171711CF005ED397 /* PBXTargetDependency */,
			);
			name = "ipad-stats2Tests";
			productName = "ipad-stats2Tests";
			productReference = 380F5832171711CF005ED397 /* ipad-stats2Tests.octest */;
			productType = "com.apple.product-type.bundle";
		};
/* End PBXNativeTarget section */

/* Begin PBXProject section */
		380F580A171711CE005ED397 /* Project object */ = {
			isa = PBXProject;
			attributes = {
				LastUpgradeCheck = 0460;
				ORGANIZATIONNAME = "RIPP Volleyball";
			};
			buildConfigurationList = 380F580D171711CE005ED397 /* Build configuration list for PBXProject "ipad-stats2" */;
			compatibilityVersion = "Xcode 3.2";
			developmentRegion = English;
			hasScannedForEncodings = 0;
			knownRegions = (
				en,
			);
			mainGroup = 380F5809171711CE005ED397;
			productRefGroup = 380F5813171711CE005ED397 /* Products */;
			projectDirPath = "";
			projectRoot = "";
			targets = (
				380F5811171711CE005ED397 /* ipad-stats2 */,
				380F5831171711CF005ED397 /* ipad-stats2Tests */,
			);
		};
/* End PBXProject section */

/* Begin PBXResourcesBuildPhase section */
		380F5810171711CE005ED397 /* Resources */ = {
			isa = PBXResourcesBuildPhase;
			buildActionMask = 2147483647;
			files = (
				380F5820171711CF005ED397 /* InfoPlist.strings in Resources */,
				380F5828171711CF005ED397 /* Default.png in Resources */,
				380F582A171711CF005ED397 /* Default@2x.png in Resources */,
				380F582C171711CF005ED397 /* Default-568h@2x.png in Resources */,
				380F585917173845005ED397 /* Pitt_center.png in Resources */,
				F170B4C9174D68FF00ED6597 /* PatternTable.h in Resources */,
				F170B4CA174D68FF00ED6597 /* PatternTable.m in Resources */,
			);
			runOnlyForDeploymentPostprocessing = 0;
		};
		380F582F171711CF005ED397 /* Resources */ = {
			isa = PBXResourcesBuildPhase;
			buildActionMask = 2147483647;
			files = (
				380F583E171711CF005ED397 /* InfoPlist.strings in Resources */,
				380F585A17173845005ED397 /* Pitt_center.png in Resources */,
			);
			runOnlyForDeploymentPostprocessing = 0;
		};
/* End PBXResourcesBuildPhase section */

/* Begin PBXShellScriptBuildPhase section */
		32DCC6BF4E9B4249B491CAAF /* Copy Pods Resources */ = {
			isa = PBXShellScriptBuildPhase;
			buildActionMask = 2147483647;
			files = (
			);
			inputPaths = (
			);
			name = "Copy Pods Resources";
			outputPaths = (
			);
			runOnlyForDeploymentPostprocessing = 0;
			shellPath = /bin/sh;
			shellScript = "\"${SRCROOT}/Pods/Pods-resources.sh\"\n";
		};
		380F5830171711CF005ED397 /* ShellScript */ = {
			isa = PBXShellScriptBuildPhase;
			buildActionMask = 2147483647;
			files = (
			);
			inputPaths = (
			);
			outputPaths = (
			);
			runOnlyForDeploymentPostprocessing = 0;
			shellPath = /bin/sh;
			shellScript = "# Run the unit tests in this test bundle.\n\"${SYSTEM_DEVELOPER_DIR}/Tools/RunUnitTests\"\n";
		};
/* End PBXShellScriptBuildPhase section */

/* Begin PBXSourcesBuildPhase section */
		380F580E171711CE005ED397 /* Sources */ = {
			isa = PBXSourcesBuildPhase;
			buildActionMask = 2147483647;
			files = (
				380F5822171711CF005ED397 /* main.m in Sources */,
				380F5826171711CF005ED397 /* AppDelegate.m in Sources */,
				380F584C171712F8005ED397 /* StatViewController.m in Sources */,
				380F584F1717136B005ED397 /* CourtView.m in Sources */,
				380F585D17173B07005ED397 /* CourtOverlayView.m in Sources */,
				380F58611717418E005ED397 /* FancyMultipleButtonsView.m in Sources */,
				38CD88B917271D420099A3EB /* DrawnStatViewController.m in Sources */,
				38CD88BC17271E0A0099A3EB /* DrawingView.m in Sources */,
				38E4A7FE17272C8100C7E1AF /* FullScreenChoiceViewController.m in Sources */,
				38651F011729725700D99AB4 /* ScoreView.m in Sources */,
				38651F0C1729CF3900D99AB4 /* StatAnalysisViewController.m in Sources */,
				387C4CAC17301F5B0002CA0B /* Serializable.m in Sources */,
				387C4CAF17301F970002CA0B /* CommonUtil.m in Sources */,
				387C4CB3173020E60002CA0B /* Game.m in Sources */,
				387C4CB6173028D30002CA0B /* Stat.m in Sources */,
				387C4CB9173033970002CA0B /* GamesMenuViewController.m in Sources */,
				387C4CBC17303AFD0002CA0B /* Play.m in Sources */,
				F1CD0DBB173C877B006F4A32 /* StatAnalyzer.m in Sources */,
				F170B4D0174EB27F00ED6597 /* LinesView.m in Sources */,
			);
			runOnlyForDeploymentPostprocessing = 0;
		};
		380F582D171711CF005ED397 /* Sources */ = {
			isa = PBXSourcesBuildPhase;
			buildActionMask = 2147483647;
			files = (
				380F5841171711CF005ED397 /* ipad_stats2Tests.m in Sources */,
				380F58501717136B005ED397 /* CourtView.m in Sources */,
				380F585E17173B07005ED397 /* CourtOverlayView.m in Sources */,
			);
			runOnlyForDeploymentPostprocessing = 0;
		};
/* End PBXSourcesBuildPhase section */

/* Begin PBXTargetDependency section */
		380F5838171711CF005ED397 /* PBXTargetDependency */ = {
			isa = PBXTargetDependency;
			target = 380F5811171711CE005ED397 /* ipad-stats2 */;
			targetProxy = 380F5837171711CF005ED397 /* PBXContainerItemProxy */;
		};
/* End PBXTargetDependency section */

/* Begin PBXVariantGroup section */
		380F581E171711CF005ED397 /* InfoPlist.strings */ = {
			isa = PBXVariantGroup;
			children = (
				380F581F171711CF005ED397 /* en */,
			);
			name = InfoPlist.strings;
			sourceTree = "<group>";
		};
		380F583C171711CF005ED397 /* InfoPlist.strings */ = {
			isa = PBXVariantGroup;
			children = (
				380F583D171711CF005ED397 /* en */,
			);
			name = InfoPlist.strings;
			sourceTree = "<group>";
		};
/* End PBXVariantGroup section */

/* Begin XCBuildConfiguration section */
		380F5842171711CF005ED397 /* Debug */ = {
			isa = XCBuildConfiguration;
			buildSettings = {
				ALWAYS_SEARCH_USER_PATHS = NO;
				CLANG_CXX_LANGUAGE_STANDARD = "gnu++0x";
				CLANG_CXX_LIBRARY = "libc++";
				CLANG_ENABLE_OBJC_ARC = YES;
				CLANG_WARN_CONSTANT_CONVERSION = YES;
				CLANG_WARN_EMPTY_BODY = YES;
				CLANG_WARN_ENUM_CONVERSION = YES;
				CLANG_WARN_INT_CONVERSION = YES;
				CLANG_WARN__DUPLICATE_METHOD_MATCH = YES;
				"CODE_SIGN_IDENTITY[sdk=iphoneos*]" = "iPhone Developer";
				COPY_PHASE_STRIP = NO;
				GCC_C_LANGUAGE_STANDARD = gnu99;
				GCC_DYNAMIC_NO_PIC = NO;
				GCC_OPTIMIZATION_LEVEL = 0;
				GCC_PREPROCESSOR_DEFINITIONS = (
					"DEBUG=1",
					"$(inherited)",
				);
				GCC_SYMBOLS_PRIVATE_EXTERN = NO;
				GCC_WARN_ABOUT_RETURN_TYPE = YES;
				GCC_WARN_UNINITIALIZED_AUTOS = YES;
				GCC_WARN_UNUSED_VARIABLE = YES;
				IPHONEOS_DEPLOYMENT_TARGET = 6.1;
				ONLY_ACTIVE_ARCH = YES;
				SDKROOT = iphoneos;
				TARGETED_DEVICE_FAMILY = 2;
			};
			name = Debug;
		};
		380F5843171711CF005ED397 /* Release */ = {
			isa = XCBuildConfiguration;
			buildSettings = {
				ALWAYS_SEARCH_USER_PATHS = NO;
				CLANG_CXX_LANGUAGE_STANDARD = "gnu++0x";
				CLANG_CXX_LIBRARY = "libc++";
				CLANG_ENABLE_OBJC_ARC = YES;
				CLANG_WARN_CONSTANT_CONVERSION = YES;
				CLANG_WARN_EMPTY_BODY = YES;
				CLANG_WARN_ENUM_CONVERSION = YES;
				CLANG_WARN_INT_CONVERSION = YES;
				CLANG_WARN__DUPLICATE_METHOD_MATCH = YES;
				"CODE_SIGN_IDENTITY[sdk=iphoneos*]" = "iPhone Developer";
				COPY_PHASE_STRIP = YES;
				GCC_C_LANGUAGE_STANDARD = gnu99;
				GCC_WARN_ABOUT_RETURN_TYPE = YES;
				GCC_WARN_UNINITIALIZED_AUTOS = YES;
				GCC_WARN_UNUSED_VARIABLE = YES;
				IPHONEOS_DEPLOYMENT_TARGET = 6.1;
				OTHER_CFLAGS = "-DNS_BLOCK_ASSERTIONS=1";
				SDKROOT = iphoneos;
				TARGETED_DEVICE_FAMILY = 2;
				VALIDATE_PRODUCT = YES;
			};
			name = Release;
		};
		380F5845171711CF005ED397 /* Debug */ = {
			isa = XCBuildConfiguration;
			baseConfigurationReference = 9D70FECAF87B406C9EFE0B41 /* Pods.xcconfig */;
			buildSettings = {
				CODE_SIGN_IDENTITY = "iPhone Developer: Scott Grandpre (34C46883AH)";
				GCC_PRECOMPILE_PREFIX_HEADER = YES;
				GCC_PREFIX_HEADER = "ipad-stats2/ipad-stats2-Prefix.pch";
				INFOPLIST_FILE = "ipad-stats2/ipad-stats2-Info.plist";
				PRODUCT_NAME = "$(TARGET_NAME)";
				PROVISIONING_PROFILE = "9F74004E-64EB-4005-A8D5-A81B2AEB167D";
				WRAPPER_EXTENSION = app;
			};
			name = Debug;
		};
		380F5846171711CF005ED397 /* Release */ = {
			isa = XCBuildConfiguration;
			baseConfigurationReference = 9D70FECAF87B406C9EFE0B41 /* Pods.xcconfig */;
			buildSettings = {
				CODE_SIGN_IDENTITY = "iPhone Developer: Scott Grandpre (34C46883AH)";
				GCC_PRECOMPILE_PREFIX_HEADER = YES;
				GCC_PREFIX_HEADER = "ipad-stats2/ipad-stats2-Prefix.pch";
				INFOPLIST_FILE = "ipad-stats2/ipad-stats2-Info.plist";
				PRODUCT_NAME = "$(TARGET_NAME)";
				PROVISIONING_PROFILE = "9F74004E-64EB-4005-A8D5-A81B2AEB167D";
				WRAPPER_EXTENSION = app;
			};
			name = Release;
		};
		380F5848171711CF005ED397 /* Debug */ = {
			isa = XCBuildConfiguration;
			buildSettings = {
				BUNDLE_LOADER = "$(BUILT_PRODUCTS_DIR)/ipad-stats2.app/ipad-stats2";
				FRAMEWORK_SEARCH_PATHS = (
					"\"$(SDKROOT)/Developer/Library/Frameworks\"",
					"\"$(DEVELOPER_LIBRARY_DIR)/Frameworks\"",
				);
				GCC_PRECOMPILE_PREFIX_HEADER = YES;
				GCC_PREFIX_HEADER = "ipad-stats2/ipad-stats2-Prefix.pch";
				INFOPLIST_FILE = "ipad-stats2Tests/ipad-stats2Tests-Info.plist";
				PRODUCT_NAME = "$(TARGET_NAME)";
				TEST_HOST = "$(BUNDLE_LOADER)";
				WRAPPER_EXTENSION = octest;
			};
			name = Debug;
		};
		380F5849171711CF005ED397 /* Release */ = {
			isa = XCBuildConfiguration;
			buildSettings = {
				BUNDLE_LOADER = "$(BUILT_PRODUCTS_DIR)/ipad-stats2.app/ipad-stats2";
				FRAMEWORK_SEARCH_PATHS = (
					"\"$(SDKROOT)/Developer/Library/Frameworks\"",
					"\"$(DEVELOPER_LIBRARY_DIR)/Frameworks\"",
				);
				GCC_PRECOMPILE_PREFIX_HEADER = YES;
				GCC_PREFIX_HEADER = "ipad-stats2/ipad-stats2-Prefix.pch";
				INFOPLIST_FILE = "ipad-stats2Tests/ipad-stats2Tests-Info.plist";
				PRODUCT_NAME = "$(TARGET_NAME)";
				TEST_HOST = "$(BUNDLE_LOADER)";
				WRAPPER_EXTENSION = octest;
			};
			name = Release;
		};
/* End XCBuildConfiguration section */

/* Begin XCConfigurationList section */
		380F580D171711CE005ED397 /* Build configuration list for PBXProject "ipad-stats2" */ = {
			isa = XCConfigurationList;
			buildConfigurations = (
				380F5842171711CF005ED397 /* Debug */,
				380F5843171711CF005ED397 /* Release */,
			);
			defaultConfigurationIsVisible = 0;
			defaultConfigurationName = Release;
		};
		380F5844171711CF005ED397 /* Build configuration list for PBXNativeTarget "ipad-stats2" */ = {
			isa = XCConfigurationList;
			buildConfigurations = (
				380F5845171711CF005ED397 /* Debug */,
				380F5846171711CF005ED397 /* Release */,
			);
			defaultConfigurationIsVisible = 0;
			defaultConfigurationName = Release;
		};
		380F5847171711CF005ED397 /* Build configuration list for PBXNativeTarget "ipad-stats2Tests" */ = {
			isa = XCConfigurationList;
			buildConfigurations = (
				380F5848171711CF005ED397 /* Debug */,
				380F5849171711CF005ED397 /* Release */,
			);
			defaultConfigurationIsVisible = 0;
			defaultConfigurationName = Release;
		};
/* End XCConfigurationList section */
	};
	rootObject = 380F580A171711CE005ED397 /* Project object */;
}
