<?xml version="1.0" encoding="UTF-8"?>
<!DOCTYPE plist PUBLIC "-//Apple//DTD PLIST 1.0//EN" "http://www.apple.com/DTDs/PropertyList-1.0.dtd">
<plist version="1.0">
<dict>
	<key>archiveVersion</key>
	<string>1</string>
	<key>classes</key>
	<dict/>
	<key>objectVersion</key>
	<string>46</string>
	<key>objects</key>
	<dict>
		<key>25744241D4E2838ACCBE264E</key>
		<dict>
			<key>children</key>
			<array>
				<string>C0F12C0B621C05C7FD639A48</string>
				<string>3BA351A8B584583F73B4B868</string>
			</array>
			<key>isa</key>
			<string>PBXGroup</string>
			<key>name</key>
			<string>Pods</string>
			<key>sourceTree</key>
			<string>&lt;group&gt;</string>
		</dict>
		<key>32DCC6BF4E9B4249B491CAAF</key>
		<dict>
			<key>buildActionMask</key>
			<string>2147483647</string>
			<key>files</key>
			<array/>
			<key>inputPaths</key>
			<array/>
			<key>isa</key>
			<string>PBXShellScriptBuildPhase</string>
			<key>name</key>
			<string>Copy Pods Resources</string>
			<key>outputPaths</key>
			<array/>
			<key>runOnlyForDeploymentPostprocessing</key>
			<string>0</string>
			<key>shellPath</key>
			<string>/bin/sh</string>
			<key>shellScript</key>
			<string>"${SRCROOT}/Pods/Target Support Files/Pods/Pods-resources.sh"
</string>
		</dict>
		<key>380F5809171711CE005ED397</key>
		<dict>
			<key>children</key>
			<array>
				<string>3897495C194BD20D001B13E6</string>
				<string>3897495D194BD20D001B13E6</string>
				<string>F170415A191DBF9C00D74882</string>
				<string>F170415B191DBF9C00D74882</string>
				<string>F19772FC18B9079900C9A677</string>
				<string>F19772FD18B9079900C9A677</string>
				<string>F1467886184089FE00A6F792</string>
				<string>F1467887184089FE00A6F792</string>
				<string>F19E85DA17BFD585005F7FE7</string>
				<string>F19E85D817BFD580005F7FE7</string>
				<string>387C4CB7173033970002CA0B</string>
				<string>387C4CB8173033970002CA0B</string>
				<string>38651F0A1729CF3900D99AB4</string>
				<string>38651F0B1729CF3900D99AB4</string>
				<string>38651EFF1729725700D99AB4</string>
				<string>38651F001729725700D99AB4</string>
				<string>380F581B171711CE005ED397</string>
				<string>380F5839171711CF005ED397</string>
				<string>380F5814171711CE005ED397</string>
				<string>380F5813171711CE005ED397</string>
				<string>25744241D4E2838ACCBE264E</string>
			</array>
			<key>isa</key>
			<string>PBXGroup</string>
			<key>sourceTree</key>
			<string>&lt;group&gt;</string>
		</dict>
		<key>380F580A171711CE005ED397</key>
		<dict>
			<key>attributes</key>
			<dict>
				<key>LastTestingUpgradeCheck</key>
				<string>0510</string>
				<key>LastUpgradeCheck</key>
				<string>0510</string>
				<key>ORGANIZATIONNAME</key>
				<string>RIPP Volleyball</string>
				<key>TargetAttributes</key>
				<dict>
					<key>380F5811171711CE005ED397</key>
					<dict>
						<key>DevelopmentTeam</key>
						<string>P3RR5ZSF22</string>
					</dict>
				</dict>
			</dict>
			<key>buildConfigurationList</key>
			<string>380F580D171711CE005ED397</string>
			<key>compatibilityVersion</key>
			<string>Xcode 3.2</string>
			<key>developmentRegion</key>
			<string>English</string>
			<key>hasScannedForEncodings</key>
			<string>0</string>
			<key>isa</key>
			<string>PBXProject</string>
			<key>knownRegions</key>
			<array>
				<string>en</string>
			</array>
			<key>mainGroup</key>
			<string>380F5809171711CE005ED397</string>
			<key>productRefGroup</key>
			<string>380F5813171711CE005ED397</string>
			<key>projectDirPath</key>
			<string></string>
			<key>projectReferences</key>
			<array/>
			<key>projectRoot</key>
			<string></string>
			<key>targets</key>
			<array>
				<string>380F5811171711CE005ED397</string>
				<string>380F5831171711CF005ED397</string>
			</array>
		</dict>
		<key>380F580D171711CE005ED397</key>
		<dict>
			<key>buildConfigurations</key>
			<array>
				<string>380F5842171711CF005ED397</string>
				<string>380F5843171711CF005ED397</string>
			</array>
			<key>defaultConfigurationIsVisible</key>
			<string>0</string>
			<key>defaultConfigurationName</key>
			<string>Release</string>
			<key>isa</key>
			<string>XCConfigurationList</string>
		</dict>
		<key>380F580E171711CE005ED397</key>
		<dict>
			<key>buildActionMask</key>
			<string>2147483647</string>
			<key>files</key>
			<array>
				<string>3897495E194BD20D001B13E6</string>
				<string>F1AAB57F1987F987003F3221</string>
				<string>380F5822171711CF005ED397</string>
				<string>F170415C191DBF9C00D74882</string>
				<string>380F5826171711CF005ED397</string>
				<string>380F584C171712F8005ED397</string>
				<string>380F584F1717136B005ED397</string>
				<string>38CD88BC17271E0A0099A3EB</string>
				<string>38651F011729725700D99AB4</string>
				<string>38651F0C1729CF3900D99AB4</string>
				<string>387C4CAC17301F5B0002CA0B</string>
				<string>387C4CAF17301F970002CA0B</string>
				<string>387C4CB3173020E60002CA0B</string>
				<string>F19772FE18B9079900C9A677</string>
				<string>387C4CB6173028D30002CA0B</string>
				<string>387C4CB9173033970002CA0B</string>
				<string>387C4CBC17303AFD0002CA0B</string>
				<string>F1CD0DBB173C877B006F4A32</string>
				<string>F170B4D31757B92500ED6597</string>
				<string>F1CE9B691770099F00D63DD8</string>
				<string>F1CE9B6C17700B0700D63DD8</string>
				<string>F1A07127178B7A9700FED04E</string>
				<string>F1A0712A178B8BE600FED04E</string>
				<string>F1A8DC8C17A0C85900B62DA6</string>
				<string>F1467888184089FF00A6F792</string>
			</array>
			<key>isa</key>
			<string>PBXSourcesBuildPhase</string>
			<key>runOnlyForDeploymentPostprocessing</key>
			<string>0</string>
		</dict>
		<key>380F580F171711CE005ED397</key>
		<dict>
			<key>buildActionMask</key>
			<string>2147483647</string>
			<key>files</key>
			<array>
				<string>F197730318B90CFC00C9A677</string>
				<string>F197730118B9087F00C9A677</string>
				<string>F1A078491895792C006D54ED</string>
				<string>F19E85DB17BFD585005F7FE7</string>
				<string>F19E85D917BFD580005F7FE7</string>
				<string>380F5816171711CE005ED397</string>
				<string>380F5818171711CE005ED397</string>
				<string>380F581A171711CE005ED397</string>
				<string>9182738118B549FFAA38C230</string>
				<string>F19E85D717BFD53B005F7FE7</string>
			</array>
			<key>isa</key>
			<string>PBXFrameworksBuildPhase</string>
			<key>runOnlyForDeploymentPostprocessing</key>
			<string>0</string>
		</dict>
		<key>380F5810171711CE005ED397</key>
		<dict>
			<key>buildActionMask</key>
			<string>2147483647</string>
			<key>files</key>
			<array>
				<string>380F5820171711CF005ED397</string>
				<string>F1B0F0BF1979A8770076560C</string>
				<string>F1F8EA4F1930436000D2FDA5</string>
				<string>380F582A171711CF005ED397</string>
				<string>F1F8EA57193047E300D2FDA5</string>
				<string>F1B0F0BB1979A5D10076560C</string>
				<string>380F582C171711CF005ED397</string>
				<string>380F585917173845005ED397</string>
			</array>
			<key>isa</key>
			<string>PBXResourcesBuildPhase</string>
			<key>runOnlyForDeploymentPostprocessing</key>
			<string>0</string>
		</dict>
		<key>380F5811171711CE005ED397</key>
		<dict>
			<key>buildConfigurationList</key>
			<string>380F5844171711CF005ED397</string>
			<key>buildPhases</key>
			<array>
				<string>380F580E171711CE005ED397</string>
				<string>380F580F171711CE005ED397</string>
				<string>380F5810171711CE005ED397</string>
				<string>32DCC6BF4E9B4249B491CAAF</string>
			</array>
			<key>buildRules</key>
			<array/>
			<key>dependencies</key>
			<array/>
			<key>isa</key>
			<string>PBXNativeTarget</string>
			<key>name</key>
			<string>ipad-stats2</string>
			<key>productName</key>
			<string>ipad-stats2</string>
			<key>productReference</key>
			<string>380F5812171711CE005ED397</string>
			<key>productType</key>
			<string>com.apple.product-type.application</string>
		</dict>
		<key>380F5812171711CE005ED397</key>
		<dict>
			<key>explicitFileType</key>
			<string>wrapper.application</string>
			<key>includeInIndex</key>
			<string>0</string>
			<key>isa</key>
			<string>PBXFileReference</string>
			<key>path</key>
			<string>ipad-stats2.app</string>
			<key>sourceTree</key>
			<string>BUILT_PRODUCTS_DIR</string>
		</dict>
		<key>380F5813171711CE005ED397</key>
		<dict>
			<key>children</key>
			<array>
				<string>380F5812171711CE005ED397</string>
				<string>380F5832171711CF005ED397</string>
			</array>
			<key>isa</key>
			<string>PBXGroup</string>
			<key>name</key>
			<string>Products</string>
			<key>sourceTree</key>
			<string>&lt;group&gt;</string>
		</dict>
		<key>380F5814171711CE005ED397</key>
		<dict>
			<key>children</key>
			<array>
				<string>F197730218B90CFC00C9A677</string>
				<string>F197730018B9087F00C9A677</string>
				<string>F1A078481895792C006D54ED</string>
				<string>F19E85D617BFD53B005F7FE7</string>
				<string>380F5815171711CE005ED397</string>
				<string>380F5817171711CE005ED397</string>
				<string>380F5819171711CE005ED397</string>
				<string>380F5833171711CF005ED397</string>
				<string>8137AC22AF1A4BF591EC415D</string>
			</array>
			<key>isa</key>
			<string>PBXGroup</string>
			<key>name</key>
			<string>Frameworks</string>
			<key>sourceTree</key>
			<string>&lt;group&gt;</string>
		</dict>
		<key>380F5815171711CE005ED397</key>
		<dict>
			<key>isa</key>
			<string>PBXFileReference</string>
			<key>lastKnownFileType</key>
			<string>wrapper.framework</string>
			<key>name</key>
			<string>UIKit.framework</string>
			<key>path</key>
			<string>System/Library/Frameworks/UIKit.framework</string>
			<key>sourceTree</key>
			<string>SDKROOT</string>
		</dict>
		<key>380F5816171711CE005ED397</key>
		<dict>
			<key>fileRef</key>
			<string>380F5815171711CE005ED397</string>
			<key>isa</key>
			<string>PBXBuildFile</string>
		</dict>
		<key>380F5817171711CE005ED397</key>
		<dict>
			<key>isa</key>
			<string>PBXFileReference</string>
			<key>lastKnownFileType</key>
			<string>wrapper.framework</string>
			<key>name</key>
			<string>Foundation.framework</string>
			<key>path</key>
			<string>System/Library/Frameworks/Foundation.framework</string>
			<key>sourceTree</key>
			<string>SDKROOT</string>
		</dict>
		<key>380F5818171711CE005ED397</key>
		<dict>
			<key>fileRef</key>
			<string>380F5817171711CE005ED397</string>
			<key>isa</key>
			<string>PBXBuildFile</string>
		</dict>
		<key>380F5819171711CE005ED397</key>
		<dict>
			<key>isa</key>
			<string>PBXFileReference</string>
			<key>lastKnownFileType</key>
			<string>wrapper.framework</string>
			<key>name</key>
			<string>CoreGraphics.framework</string>
			<key>path</key>
			<string>System/Library/Frameworks/CoreGraphics.framework</string>
			<key>sourceTree</key>
			<string>SDKROOT</string>
		</dict>
		<key>380F581A171711CE005ED397</key>
		<dict>
			<key>fileRef</key>
			<string>380F5819171711CE005ED397</string>
			<key>isa</key>
			<string>PBXBuildFile</string>
		</dict>
		<key>380F581B171711CE005ED397</key>
		<dict>
			<key>children</key>
			<array>
				<string>F1CD0DB8173C8715006F4A32</string>
				<string>387C4CB0173020CE0002CA0B</string>
				<string>380F585117172EC5005ED397</string>
				<string>380F5824171711CF005ED397</string>
				<string>380F5825171711CF005ED397</string>
				<string>380F584A171712F8005ED397</string>
				<string>380F584B171712F8005ED397</string>
				<string>380F584D1717136B005ED397</string>
				<string>380F584E1717136B005ED397</string>
				<string>F170B4D11757B92400ED6597</string>
				<string>F170B4D21757B92400ED6597</string>
				<string>F1AAB57D1987F987003F3221</string>
				<string>F1AAB57E1987F987003F3221</string>
				<string>F1A07125178B7A9700FED04E</string>
				<string>F1A07126178B7A9700FED04E</string>
				<string>F1A8DC8A17A0C85800B62DA6</string>
				<string>F1A8DC8B17A0C85800B62DA6</string>
				<string>38CD88BA17271E0A0099A3EB</string>
				<string>38CD88BB17271E0A0099A3EB</string>
				<string>F1CE9B671770099F00D63DD8</string>
				<string>F1CE9B681770099F00D63DD8</string>
				<string>F1A07128178B8BE600FED04E</string>
				<string>F1A07129178B8BE600FED04E</string>
				<string>F1CE9B6A17700B0700D63DD8</string>
				<string>F1CE9B6B17700B0700D63DD8</string>
				<string>387C4CAA17301F5B0002CA0B</string>
				<string>387C4CAB17301F5B0002CA0B</string>
				<string>387C4CAD17301F970002CA0B</string>
				<string>387C4CAE17301F970002CA0B</string>
				<string>380F581C171711CE005ED397</string>
			</array>
			<key>isa</key>
			<string>PBXGroup</string>
			<key>path</key>
			<string>ipad-stats2</string>
			<key>sourceTree</key>
			<string>&lt;group&gt;</string>
		</dict>
		<key>380F581C171711CE005ED397</key>
		<dict>
			<key>children</key>
			<array>
				<string>380F581D171711CE005ED397</string>
				<string>380F581E171711CF005ED397</string>
				<string>380F5821171711CF005ED397</string>
				<string>380F5823171711CF005ED397</string>
				<string>380F5827171711CF005ED397</string>
				<string>380F5829171711CF005ED397</string>
				<string>380F582B171711CF005ED397</string>
			</array>
			<key>isa</key>
			<string>PBXGroup</string>
			<key>name</key>
			<string>Supporting Files</string>
			<key>sourceTree</key>
			<string>&lt;group&gt;</string>
		</dict>
		<key>380F581D171711CE005ED397</key>
		<dict>
			<key>isa</key>
			<string>PBXFileReference</string>
			<key>lastKnownFileType</key>
			<string>text.plist.xml</string>
			<key>path</key>
			<string>ipad-stats2-Info.plist</string>
			<key>sourceTree</key>
			<string>&lt;group&gt;</string>
		</dict>
		<key>380F581E171711CF005ED397</key>
		<dict>
			<key>children</key>
			<array>
				<string>380F581F171711CF005ED397</string>
			</array>
			<key>isa</key>
			<string>PBXVariantGroup</string>
			<key>name</key>
			<string>InfoPlist.strings</string>
			<key>sourceTree</key>
			<string>&lt;group&gt;</string>
		</dict>
		<key>380F581F171711CF005ED397</key>
		<dict>
			<key>isa</key>
			<string>PBXFileReference</string>
			<key>lastKnownFileType</key>
			<string>text.plist.strings</string>
			<key>name</key>
			<string>en</string>
			<key>path</key>
			<string>en.lproj/InfoPlist.strings</string>
			<key>sourceTree</key>
			<string>&lt;group&gt;</string>
		</dict>
		<key>380F5820171711CF005ED397</key>
		<dict>
			<key>fileRef</key>
			<string>380F581E171711CF005ED397</string>
			<key>isa</key>
			<string>PBXBuildFile</string>
		</dict>
		<key>380F5821171711CF005ED397</key>
		<dict>
			<key>isa</key>
			<string>PBXFileReference</string>
			<key>lastKnownFileType</key>
			<string>sourcecode.c.objc</string>
			<key>path</key>
			<string>main.m</string>
			<key>sourceTree</key>
			<string>&lt;group&gt;</string>
		</dict>
		<key>380F5822171711CF005ED397</key>
		<dict>
			<key>fileRef</key>
			<string>380F5821171711CF005ED397</string>
			<key>isa</key>
			<string>PBXBuildFile</string>
		</dict>
		<key>380F5823171711CF005ED397</key>
		<dict>
			<key>isa</key>
			<string>PBXFileReference</string>
			<key>lastKnownFileType</key>
			<string>sourcecode.c.h</string>
			<key>path</key>
			<string>ipad-stats2-Prefix.pch</string>
			<key>sourceTree</key>
			<string>&lt;group&gt;</string>
		</dict>
		<key>380F5824171711CF005ED397</key>
		<dict>
			<key>isa</key>
			<string>PBXFileReference</string>
			<key>lastKnownFileType</key>
			<string>sourcecode.c.h</string>
			<key>path</key>
			<string>AppDelegate.h</string>
			<key>sourceTree</key>
			<string>&lt;group&gt;</string>
		</dict>
		<key>380F5825171711CF005ED397</key>
		<dict>
			<key>isa</key>
			<string>PBXFileReference</string>
			<key>lastKnownFileType</key>
			<string>sourcecode.c.objc</string>
			<key>path</key>
			<string>AppDelegate.m</string>
			<key>sourceTree</key>
			<string>&lt;group&gt;</string>
		</dict>
		<key>380F5826171711CF005ED397</key>
		<dict>
			<key>fileRef</key>
			<string>380F5825171711CF005ED397</string>
			<key>isa</key>
			<string>PBXBuildFile</string>
		</dict>
		<key>380F5827171711CF005ED397</key>
		<dict>
			<key>isa</key>
			<string>PBXFileReference</string>
			<key>lastKnownFileType</key>
			<string>image.png</string>
			<key>path</key>
			<string>Default.png</string>
			<key>sourceTree</key>
			<string>&lt;group&gt;</string>
		</dict>
		<key>380F5829171711CF005ED397</key>
		<dict>
			<key>isa</key>
			<string>PBXFileReference</string>
			<key>lastKnownFileType</key>
			<string>image.png</string>
			<key>path</key>
			<string>Default@2x.png</string>
			<key>sourceTree</key>
			<string>&lt;group&gt;</string>
		</dict>
		<key>380F582A171711CF005ED397</key>
		<dict>
			<key>fileRef</key>
			<string>380F5829171711CF005ED397</string>
			<key>isa</key>
			<string>PBXBuildFile</string>
		</dict>
		<key>380F582B171711CF005ED397</key>
		<dict>
			<key>isa</key>
			<string>PBXFileReference</string>
			<key>lastKnownFileType</key>
			<string>image.png</string>
			<key>path</key>
			<string>Default-568h@2x.png</string>
			<key>sourceTree</key>
			<string>&lt;group&gt;</string>
		</dict>
		<key>380F582C171711CF005ED397</key>
		<dict>
			<key>fileRef</key>
			<string>380F582B171711CF005ED397</string>
			<key>isa</key>
			<string>PBXBuildFile</string>
		</dict>
		<key>380F582D171711CF005ED397</key>
		<dict>
			<key>buildActionMask</key>
			<string>2147483647</string>
			<key>files</key>
			<array>
				<string>3897495F194BD20D001B13E6</string>
				<string>F19772FF18B9079900C9A677</string>
				<string>F170415D191DBF9C00D74882</string>
				<string>380F5841171711CF005ED397</string>
				<string>380F58501717136B005ED397</string>
				<string>F1467889184089FF00A6F792</string>
			</array>
			<key>isa</key>
			<string>PBXSourcesBuildPhase</string>
			<key>runOnlyForDeploymentPostprocessing</key>
			<string>0</string>
		</dict>
		<key>380F582E171711CF005ED397</key>
		<dict>
			<key>buildActionMask</key>
			<string>2147483647</string>
			<key>files</key>
			<array>
				<string>380F5834171711CF005ED397</string>
				<string>380F5835171711CF005ED397</string>
				<string>380F5836171711CF005ED397</string>
			</array>
			<key>isa</key>
			<string>PBXFrameworksBuildPhase</string>
			<key>runOnlyForDeploymentPostprocessing</key>
			<string>0</string>
		</dict>
		<key>380F582F171711CF005ED397</key>
		<dict>
			<key>buildActionMask</key>
			<string>2147483647</string>
			<key>files</key>
			<array>
				<string>380F583E171711CF005ED397</string>
				<string>380F585A17173845005ED397</string>
			</array>
			<key>isa</key>
			<string>PBXResourcesBuildPhase</string>
			<key>runOnlyForDeploymentPostprocessing</key>
			<string>0</string>
		</dict>
		<key>380F5830171711CF005ED397</key>
		<dict>
			<key>buildActionMask</key>
			<string>2147483647</string>
			<key>files</key>
			<array/>
			<key>inputPaths</key>
			<array/>
			<key>isa</key>
			<string>PBXShellScriptBuildPhase</string>
			<key>outputPaths</key>
			<array/>
			<key>runOnlyForDeploymentPostprocessing</key>
			<string>0</string>
			<key>shellPath</key>
			<string>/bin/sh</string>
			<key>shellScript</key>
			<string># Run the unit tests in this test bundle.
"${SYSTEM_DEVELOPER_DIR}/Tools/RunUnitTests"
</string>
		</dict>
		<key>380F5831171711CF005ED397</key>
		<dict>
			<key>buildConfigurationList</key>
			<string>380F5847171711CF005ED397</string>
			<key>buildPhases</key>
			<array>
				<string>380F582D171711CF005ED397</string>
				<string>380F582E171711CF005ED397</string>
				<string>380F582F171711CF005ED397</string>
				<string>380F5830171711CF005ED397</string>
			</array>
			<key>buildRules</key>
			<array/>
			<key>dependencies</key>
			<array>
				<string>380F5838171711CF005ED397</string>
			</array>
			<key>isa</key>
			<string>PBXNativeTarget</string>
			<key>name</key>
			<string>ipad-stats2Tests</string>
			<key>productName</key>
			<string>ipad-stats2Tests</string>
			<key>productReference</key>
			<string>380F5832171711CF005ED397</string>
			<key>productType</key>
			<string>com.apple.product-type.bundle</string>
		</dict>
		<key>380F5832171711CF005ED397</key>
		<dict>
			<key>explicitFileType</key>
			<string>wrapper.cfbundle</string>
			<key>includeInIndex</key>
			<string>0</string>
			<key>isa</key>
			<string>PBXFileReference</string>
			<key>path</key>
			<string>ipad-stats2Tests.octest</string>
			<key>sourceTree</key>
			<string>BUILT_PRODUCTS_DIR</string>
		</dict>
		<key>380F5833171711CF005ED397</key>
		<dict>
			<key>isa</key>
			<string>PBXFileReference</string>
			<key>lastKnownFileType</key>
			<string>wrapper.framework</string>
			<key>name</key>
			<string>SenTestingKit.framework</string>
			<key>path</key>
			<string>Library/Frameworks/SenTestingKit.framework</string>
			<key>sourceTree</key>
			<string>DEVELOPER_DIR</string>
		</dict>
		<key>380F5834171711CF005ED397</key>
		<dict>
			<key>fileRef</key>
			<string>380F5833171711CF005ED397</string>
			<key>isa</key>
			<string>PBXBuildFile</string>
		</dict>
		<key>380F5835171711CF005ED397</key>
		<dict>
			<key>fileRef</key>
			<string>380F5815171711CE005ED397</string>
			<key>isa</key>
			<string>PBXBuildFile</string>
		</dict>
		<key>380F5836171711CF005ED397</key>
		<dict>
			<key>fileRef</key>
			<string>380F5817171711CE005ED397</string>
			<key>isa</key>
			<string>PBXBuildFile</string>
		</dict>
		<key>380F5837171711CF005ED397</key>
		<dict>
			<key>containerPortal</key>
			<string>380F580A171711CE005ED397</string>
			<key>isa</key>
			<string>PBXContainerItemProxy</string>
			<key>proxyType</key>
			<string>1</string>
			<key>remoteGlobalIDString</key>
			<string>380F5811171711CE005ED397</string>
			<key>remoteInfo</key>
			<string>ipad-stats2</string>
		</dict>
		<key>380F5838171711CF005ED397</key>
		<dict>
			<key>isa</key>
			<string>PBXTargetDependency</string>
			<key>target</key>
			<string>380F5811171711CE005ED397</string>
			<key>targetProxy</key>
			<string>380F5837171711CF005ED397</string>
		</dict>
		<key>380F5839171711CF005ED397</key>
		<dict>
			<key>children</key>
			<array>
				<string>380F583F171711CF005ED397</string>
				<string>380F5840171711CF005ED397</string>
				<string>380F583A171711CF005ED397</string>
			</array>
			<key>isa</key>
			<string>PBXGroup</string>
			<key>path</key>
			<string>ipad-stats2Tests</string>
			<key>sourceTree</key>
			<string>&lt;group&gt;</string>
		</dict>
		<key>380F583A171711CF005ED397</key>
		<dict>
			<key>children</key>
			<array>
				<string>380F583B171711CF005ED397</string>
				<string>380F583C171711CF005ED397</string>
			</array>
			<key>isa</key>
			<string>PBXGroup</string>
			<key>name</key>
			<string>Supporting Files</string>
			<key>sourceTree</key>
			<string>&lt;group&gt;</string>
		</dict>
		<key>380F583B171711CF005ED397</key>
		<dict>
			<key>isa</key>
			<string>PBXFileReference</string>
			<key>lastKnownFileType</key>
			<string>text.plist.xml</string>
			<key>path</key>
			<string>ipad-stats2Tests-Info.plist</string>
			<key>sourceTree</key>
			<string>&lt;group&gt;</string>
		</dict>
		<key>380F583C171711CF005ED397</key>
		<dict>
			<key>children</key>
			<array>
				<string>380F583D171711CF005ED397</string>
			</array>
			<key>isa</key>
			<string>PBXVariantGroup</string>
			<key>name</key>
			<string>InfoPlist.strings</string>
			<key>sourceTree</key>
			<string>&lt;group&gt;</string>
		</dict>
		<key>380F583D171711CF005ED397</key>
		<dict>
			<key>isa</key>
			<string>PBXFileReference</string>
			<key>lastKnownFileType</key>
			<string>text.plist.strings</string>
			<key>name</key>
			<string>en</string>
			<key>path</key>
			<string>en.lproj/InfoPlist.strings</string>
			<key>sourceTree</key>
			<string>&lt;group&gt;</string>
		</dict>
		<key>380F583E171711CF005ED397</key>
		<dict>
			<key>fileRef</key>
			<string>380F583C171711CF005ED397</string>
			<key>isa</key>
			<string>PBXBuildFile</string>
		</dict>
		<key>380F583F171711CF005ED397</key>
		<dict>
			<key>isa</key>
			<string>PBXFileReference</string>
			<key>lastKnownFileType</key>
			<string>sourcecode.c.h</string>
			<key>path</key>
			<string>ipad_stats2Tests.h</string>
			<key>sourceTree</key>
			<string>&lt;group&gt;</string>
		</dict>
		<key>380F5840171711CF005ED397</key>
		<dict>
			<key>isa</key>
			<string>PBXFileReference</string>
			<key>lastKnownFileType</key>
			<string>sourcecode.c.objc</string>
			<key>path</key>
			<string>ipad_stats2Tests.m</string>
			<key>sourceTree</key>
			<string>&lt;group&gt;</string>
		</dict>
		<key>380F5841171711CF005ED397</key>
		<dict>
			<key>fileRef</key>
			<string>380F5840171711CF005ED397</string>
			<key>isa</key>
			<string>PBXBuildFile</string>
		</dict>
		<key>380F5842171711CF005ED397</key>
		<dict>
			<key>buildSettings</key>
			<dict>
				<key>ALWAYS_SEARCH_USER_PATHS</key>
				<string>NO</string>
				<key>CLANG_CXX_LANGUAGE_STANDARD</key>
				<string>gnu++0x</string>
				<key>CLANG_CXX_LIBRARY</key>
				<string>libc++</string>
				<key>CLANG_ENABLE_OBJC_ARC</key>
				<string>YES</string>
				<key>CLANG_WARN_CONSTANT_CONVERSION</key>
				<string>YES</string>
				<key>CLANG_WARN_EMPTY_BODY</key>
				<string>YES</string>
				<key>CLANG_WARN_ENUM_CONVERSION</key>
				<string>YES</string>
				<key>CLANG_WARN_INT_CONVERSION</key>
				<string>YES</string>
				<key>CLANG_WARN__DUPLICATE_METHOD_MATCH</key>
				<string>YES</string>
				<key>CODE_SIGN_IDENTITY[sdk=iphoneos*]</key>
				<string>iPhone Developer</string>
				<key>COPY_PHASE_STRIP</key>
				<string>NO</string>
				<key>GCC_C_LANGUAGE_STANDARD</key>
				<string>gnu99</string>
				<key>GCC_DYNAMIC_NO_PIC</key>
				<string>NO</string>
				<key>GCC_OPTIMIZATION_LEVEL</key>
				<string>0</string>
				<key>GCC_PREPROCESSOR_DEFINITIONS</key>
				<array>
					<string>DEBUG=1</string>
					<string>$(inherited)</string>
				</array>
				<key>GCC_SYMBOLS_PRIVATE_EXTERN</key>
				<string>NO</string>
				<key>GCC_WARN_ABOUT_RETURN_TYPE</key>
				<string>YES</string>
				<key>GCC_WARN_UNINITIALIZED_AUTOS</key>
				<string>YES</string>
				<key>GCC_WARN_UNUSED_VARIABLE</key>
				<string>YES</string>
				<key>IPHONEOS_DEPLOYMENT_TARGET</key>
				<string>6.1</string>
				<key>ONLY_ACTIVE_ARCH</key>
				<string>YES</string>
				<key>SDKROOT</key>
				<string>iphoneos</string>
				<key>TARGETED_DEVICE_FAMILY</key>
				<string>2</string>
			</dict>
			<key>isa</key>
			<string>XCBuildConfiguration</string>
			<key>name</key>
			<string>Debug</string>
		</dict>
		<key>380F5843171711CF005ED397</key>
		<dict>
			<key>buildSettings</key>
			<dict>
				<key>ALWAYS_SEARCH_USER_PATHS</key>
				<string>NO</string>
				<key>CLANG_CXX_LANGUAGE_STANDARD</key>
				<string>gnu++0x</string>
				<key>CLANG_CXX_LIBRARY</key>
				<string>libc++</string>
				<key>CLANG_ENABLE_OBJC_ARC</key>
				<string>YES</string>
				<key>CLANG_WARN_CONSTANT_CONVERSION</key>
				<string>YES</string>
				<key>CLANG_WARN_EMPTY_BODY</key>
				<string>YES</string>
				<key>CLANG_WARN_ENUM_CONVERSION</key>
				<string>YES</string>
				<key>CLANG_WARN_INT_CONVERSION</key>
				<string>YES</string>
				<key>CLANG_WARN__DUPLICATE_METHOD_MATCH</key>
				<string>YES</string>
				<key>CODE_SIGN_IDENTITY[sdk=iphoneos*]</key>
				<string>iPhone Developer</string>
				<key>COPY_PHASE_STRIP</key>
				<string>YES</string>
				<key>GCC_C_LANGUAGE_STANDARD</key>
				<string>gnu99</string>
				<key>GCC_WARN_ABOUT_RETURN_TYPE</key>
				<string>YES</string>
				<key>GCC_WARN_UNINITIALIZED_AUTOS</key>
				<string>YES</string>
				<key>GCC_WARN_UNUSED_VARIABLE</key>
				<string>YES</string>
				<key>IPHONEOS_DEPLOYMENT_TARGET</key>
				<string>6.1</string>
				<key>OTHER_CFLAGS</key>
				<string>-DNS_BLOCK_ASSERTIONS=1</string>
				<key>SDKROOT</key>
				<string>iphoneos</string>
				<key>TARGETED_DEVICE_FAMILY</key>
				<string>2</string>
				<key>VALIDATE_PRODUCT</key>
				<string>YES</string>
			</dict>
			<key>isa</key>
			<string>XCBuildConfiguration</string>
			<key>name</key>
			<string>Release</string>
		</dict>
		<key>380F5844171711CF005ED397</key>
		<dict>
			<key>buildConfigurations</key>
			<array>
				<string>380F5845171711CF005ED397</string>
				<string>380F5846171711CF005ED397</string>
			</array>
			<key>defaultConfigurationIsVisible</key>
			<string>0</string>
			<key>defaultConfigurationName</key>
			<string>Release</string>
			<key>isa</key>
			<string>XCConfigurationList</string>
		</dict>
		<key>380F5845171711CF005ED397</key>
		<dict>
			<key>baseConfigurationReference</key>
			<string>C0F12C0B621C05C7FD639A48</string>
			<key>buildSettings</key>
			<dict>
				<key>CODE_SIGN_IDENTITY</key>
				<string>iPhone Developer</string>
				<key>CODE_SIGN_IDENTITY[sdk=iphoneos*]</key>
				<string>iPhone Developer</string>
				<key>FRAMEWORK_SEARCH_PATHS</key>
				<array>
					<string>$(inherited)</string>
					<string>"$(SRCROOT)"</string>
				</array>
				<key>GCC_PRECOMPILE_PREFIX_HEADER</key>
				<string>YES</string>
				<key>GCC_PREFIX_HEADER</key>
				<string>ipad-stats2/ipad-stats2-Prefix.pch</string>
				<key>INFOPLIST_FILE</key>
				<string>ipad-stats2/ipad-stats2-Info.plist</string>
				<key>PRODUCT_NAME</key>
				<string>$(TARGET_NAME)</string>
				<key>PROVISIONING_PROFILE</key>
				<string></string>
				<key>WRAPPER_EXTENSION</key>
				<string>app</string>
			</dict>
			<key>isa</key>
			<string>XCBuildConfiguration</string>
			<key>name</key>
			<string>Debug</string>
		</dict>
		<key>380F5846171711CF005ED397</key>
		<dict>
			<key>baseConfigurationReference</key>
			<string>3BA351A8B584583F73B4B868</string>
			<key>buildSettings</key>
			<dict>
				<key>CODE_SIGN_IDENTITY</key>
				<string>iPhone Developer</string>
				<key>CODE_SIGN_IDENTITY[sdk=iphoneos*]</key>
				<string>iPhone Developer</string>
				<key>FRAMEWORK_SEARCH_PATHS</key>
				<array>
					<string>$(inherited)</string>
					<string>"$(SRCROOT)"</string>
				</array>
				<key>GCC_PRECOMPILE_PREFIX_HEADER</key>
				<string>YES</string>
				<key>GCC_PREFIX_HEADER</key>
				<string>ipad-stats2/ipad-stats2-Prefix.pch</string>
				<key>INFOPLIST_FILE</key>
				<string>ipad-stats2/ipad-stats2-Info.plist</string>
				<key>PRODUCT_NAME</key>
				<string>$(TARGET_NAME)</string>
				<key>PROVISIONING_PROFILE</key>
				<string></string>
				<key>WRAPPER_EXTENSION</key>
				<string>app</string>
			</dict>
			<key>isa</key>
			<string>XCBuildConfiguration</string>
			<key>name</key>
			<string>Release</string>
		</dict>
		<key>380F5847171711CF005ED397</key>
		<dict>
			<key>buildConfigurations</key>
			<array>
				<string>380F5848171711CF005ED397</string>
				<string>380F5849171711CF005ED397</string>
			</array>
			<key>defaultConfigurationIsVisible</key>
			<string>0</string>
			<key>defaultConfigurationName</key>
			<string>Release</string>
			<key>isa</key>
			<string>XCConfigurationList</string>
		</dict>
		<key>380F5848171711CF005ED397</key>
		<dict>
			<key>buildSettings</key>
			<dict>
				<key>BUNDLE_LOADER</key>
				<string>$(BUILT_PRODUCTS_DIR)/ipad-stats2.app/ipad-stats2</string>
				<key>FRAMEWORK_SEARCH_PATHS</key>
				<array>
					<string>"$(SDKROOT)/Developer/Library/Frameworks"</string>
					<string>"$(DEVELOPER_LIBRARY_DIR)/Frameworks"</string>
				</array>
				<key>GCC_PRECOMPILE_PREFIX_HEADER</key>
				<string>YES</string>
				<key>GCC_PREFIX_HEADER</key>
				<string>ipad-stats2/ipad-stats2-Prefix.pch</string>
				<key>INFOPLIST_FILE</key>
				<string>ipad-stats2Tests/ipad-stats2Tests-Info.plist</string>
				<key>PRODUCT_NAME</key>
				<string>$(TARGET_NAME)</string>
				<key>TEST_HOST</key>
				<string>$(BUNDLE_LOADER)</string>
				<key>WRAPPER_EXTENSION</key>
				<string>octest</string>
			</dict>
			<key>isa</key>
			<string>XCBuildConfiguration</string>
			<key>name</key>
			<string>Debug</string>
		</dict>
		<key>380F5849171711CF005ED397</key>
		<dict>
			<key>buildSettings</key>
			<dict>
				<key>BUNDLE_LOADER</key>
				<string>$(BUILT_PRODUCTS_DIR)/ipad-stats2.app/ipad-stats2</string>
				<key>FRAMEWORK_SEARCH_PATHS</key>
				<array>
					<string>"$(SDKROOT)/Developer/Library/Frameworks"</string>
					<string>"$(DEVELOPER_LIBRARY_DIR)/Frameworks"</string>
				</array>
				<key>GCC_PRECOMPILE_PREFIX_HEADER</key>
				<string>YES</string>
				<key>GCC_PREFIX_HEADER</key>
				<string>ipad-stats2/ipad-stats2-Prefix.pch</string>
				<key>INFOPLIST_FILE</key>
				<string>ipad-stats2Tests/ipad-stats2Tests-Info.plist</string>
				<key>PRODUCT_NAME</key>
				<string>$(TARGET_NAME)</string>
				<key>TEST_HOST</key>
				<string>$(BUNDLE_LOADER)</string>
				<key>WRAPPER_EXTENSION</key>
				<string>octest</string>
			</dict>
			<key>isa</key>
			<string>XCBuildConfiguration</string>
			<key>name</key>
			<string>Release</string>
		</dict>
		<key>380F584A171712F8005ED397</key>
		<dict>
			<key>fileEncoding</key>
			<string>4</string>
			<key>isa</key>
			<string>PBXFileReference</string>
			<key>lastKnownFileType</key>
			<string>sourcecode.c.h</string>
			<key>path</key>
			<string>StatViewController.h</string>
			<key>sourceTree</key>
			<string>&lt;group&gt;</string>
		</dict>
		<key>380F584B171712F8005ED397</key>
		<dict>
			<key>fileEncoding</key>
			<string>4</string>
			<key>isa</key>
			<string>PBXFileReference</string>
			<key>lastKnownFileType</key>
			<string>sourcecode.c.objc</string>
			<key>path</key>
			<string>StatViewController.m</string>
			<key>sourceTree</key>
			<string>&lt;group&gt;</string>
		</dict>
		<key>380F584C171712F8005ED397</key>
		<dict>
			<key>fileRef</key>
			<string>380F584B171712F8005ED397</string>
			<key>isa</key>
			<string>PBXBuildFile</string>
		</dict>
		<key>380F584D1717136B005ED397</key>
		<dict>
			<key>fileEncoding</key>
			<string>4</string>
			<key>isa</key>
			<string>PBXFileReference</string>
			<key>lastKnownFileType</key>
			<string>sourcecode.c.h</string>
			<key>path</key>
			<string>CourtView.h</string>
			<key>sourceTree</key>
			<string>&lt;group&gt;</string>
		</dict>
		<key>380F584E1717136B005ED397</key>
		<dict>
			<key>fileEncoding</key>
			<string>4</string>
			<key>isa</key>
			<string>PBXFileReference</string>
			<key>lastKnownFileType</key>
			<string>sourcecode.c.objc</string>
			<key>path</key>
			<string>CourtView.m</string>
			<key>sourceTree</key>
			<string>&lt;group&gt;</string>
		</dict>
		<key>380F584F1717136B005ED397</key>
		<dict>
			<key>fileRef</key>
			<string>380F584E1717136B005ED397</string>
			<key>isa</key>
			<string>PBXBuildFile</string>
		</dict>
		<key>380F58501717136B005ED397</key>
		<dict>
			<key>fileRef</key>
			<string>380F584E1717136B005ED397</string>
			<key>isa</key>
			<string>PBXBuildFile</string>
		</dict>
		<key>380F585117172EC5005ED397</key>
		<dict>
			<key>children</key>
			<array>
				<string>F1B0F0BA1979A5D10076560C</string>
				<string>F1F8EA56193047E300D2FDA5</string>
				<string>F1B0F0BE1979A8770076560C</string>
				<string>F1F8EA4E1930436000D2FDA5</string>
				<string>380F585817173845005ED397</string>
			</array>
			<key>isa</key>
			<string>PBXGroup</string>
			<key>name</key>
			<string>images</string>
			<key>sourceTree</key>
			<string>&lt;group&gt;</string>
		</dict>
		<key>380F585817173845005ED397</key>
		<dict>
			<key>isa</key>
			<string>PBXFileReference</string>
			<key>lastKnownFileType</key>
			<string>image.png</string>
			<key>path</key>
			<string>Pitt_center.png</string>
			<key>sourceTree</key>
			<string>&lt;group&gt;</string>
		</dict>
		<key>380F585917173845005ED397</key>
		<dict>
			<key>fileRef</key>
			<string>380F585817173845005ED397</string>
			<key>isa</key>
			<string>PBXBuildFile</string>
		</dict>
		<key>380F585A17173845005ED397</key>
		<dict>
			<key>fileRef</key>
			<string>380F585817173845005ED397</string>
			<key>isa</key>
			<string>PBXBuildFile</string>
		</dict>
		<key>38651EFF1729725700D99AB4</key>
		<dict>
			<key>fileEncoding</key>
			<string>4</string>
			<key>isa</key>
			<string>PBXFileReference</string>
			<key>lastKnownFileType</key>
			<string>sourcecode.c.h</string>
			<key>name</key>
			<string>ScoreView.h</string>
			<key>path</key>
			<string>ipad-stats2/ScoreView.h</string>
			<key>sourceTree</key>
			<string>&lt;group&gt;</string>
		</dict>
		<key>38651F001729725700D99AB4</key>
		<dict>
			<key>fileEncoding</key>
			<string>4</string>
			<key>isa</key>
			<string>PBXFileReference</string>
			<key>lastKnownFileType</key>
			<string>sourcecode.c.objc</string>
			<key>name</key>
			<string>ScoreView.m</string>
			<key>path</key>
			<string>ipad-stats2/ScoreView.m</string>
			<key>sourceTree</key>
			<string>&lt;group&gt;</string>
		</dict>
		<key>38651F011729725700D99AB4</key>
		<dict>
			<key>fileRef</key>
			<string>38651F001729725700D99AB4</string>
			<key>isa</key>
			<string>PBXBuildFile</string>
		</dict>
		<key>38651F0A1729CF3900D99AB4</key>
		<dict>
			<key>fileEncoding</key>
			<string>4</string>
			<key>isa</key>
			<string>PBXFileReference</string>
			<key>lastKnownFileType</key>
			<string>sourcecode.c.h</string>
			<key>path</key>
			<string>StatAnalysisViewController.h</string>
			<key>sourceTree</key>
			<string>&lt;group&gt;</string>
		</dict>
		<key>38651F0B1729CF3900D99AB4</key>
		<dict>
			<key>fileEncoding</key>
			<string>4</string>
			<key>isa</key>
			<string>PBXFileReference</string>
			<key>lastKnownFileType</key>
			<string>sourcecode.c.objc</string>
			<key>path</key>
			<string>StatAnalysisViewController.m</string>
			<key>sourceTree</key>
			<string>&lt;group&gt;</string>
		</dict>
		<key>38651F0C1729CF3900D99AB4</key>
		<dict>
			<key>fileRef</key>
			<string>38651F0B1729CF3900D99AB4</string>
			<key>isa</key>
			<string>PBXBuildFile</string>
		</dict>
		<key>387C4CAA17301F5B0002CA0B</key>
		<dict>
			<key>fileEncoding</key>
			<string>4</string>
			<key>isa</key>
			<string>PBXFileReference</string>
			<key>lastKnownFileType</key>
			<string>sourcecode.c.h</string>
			<key>path</key>
			<string>Serializable.h</string>
			<key>sourceTree</key>
			<string>&lt;group&gt;</string>
		</dict>
		<key>387C4CAB17301F5B0002CA0B</key>
		<dict>
			<key>fileEncoding</key>
			<string>4</string>
			<key>isa</key>
			<string>PBXFileReference</string>
			<key>lastKnownFileType</key>
			<string>sourcecode.c.objc</string>
			<key>path</key>
			<string>Serializable.m</string>
			<key>sourceTree</key>
			<string>&lt;group&gt;</string>
		</dict>
		<key>387C4CAC17301F5B0002CA0B</key>
		<dict>
			<key>fileRef</key>
			<string>387C4CAB17301F5B0002CA0B</string>
			<key>isa</key>
			<string>PBXBuildFile</string>
		</dict>
		<key>387C4CAD17301F970002CA0B</key>
		<dict>
			<key>fileEncoding</key>
			<string>4</string>
			<key>isa</key>
			<string>PBXFileReference</string>
			<key>lastKnownFileType</key>
			<string>sourcecode.c.h</string>
			<key>path</key>
			<string>CommonUtil.h</string>
			<key>sourceTree</key>
			<string>&lt;group&gt;</string>
		</dict>
		<key>387C4CAE17301F970002CA0B</key>
		<dict>
			<key>fileEncoding</key>
			<string>4</string>
			<key>isa</key>
			<string>PBXFileReference</string>
			<key>lastKnownFileType</key>
			<string>sourcecode.c.objc</string>
			<key>path</key>
			<string>CommonUtil.m</string>
			<key>sourceTree</key>
			<string>&lt;group&gt;</string>
		</dict>
		<key>387C4CAF17301F970002CA0B</key>
		<dict>
			<key>fileRef</key>
			<string>387C4CAE17301F970002CA0B</string>
			<key>isa</key>
			<string>PBXBuildFile</string>
		</dict>
		<key>387C4CB0173020CE0002CA0B</key>
		<dict>
			<key>children</key>
			<array>
				<string>387C4CBA17303AFC0002CA0B</string>
				<string>387C4CBB17303AFD0002CA0B</string>
				<string>387C4CB1173020E60002CA0B</string>
				<string>387C4CB2173020E60002CA0B</string>
				<string>387C4CB4173028D30002CA0B</string>
				<string>387C4CB5173028D30002CA0B</string>
			</array>
			<key>isa</key>
			<string>PBXGroup</string>
			<key>name</key>
			<string>models</string>
			<key>sourceTree</key>
			<string>&lt;group&gt;</string>
		</dict>
		<key>387C4CB1173020E60002CA0B</key>
		<dict>
			<key>fileEncoding</key>
			<string>4</string>
			<key>isa</key>
			<string>PBXFileReference</string>
			<key>lastKnownFileType</key>
			<string>sourcecode.c.h</string>
			<key>path</key>
			<string>Game.h</string>
			<key>sourceTree</key>
			<string>&lt;group&gt;</string>
		</dict>
		<key>387C4CB2173020E60002CA0B</key>
		<dict>
			<key>fileEncoding</key>
			<string>4</string>
			<key>isa</key>
			<string>PBXFileReference</string>
			<key>lastKnownFileType</key>
			<string>sourcecode.c.objc</string>
			<key>path</key>
			<string>Game.m</string>
			<key>sourceTree</key>
			<string>&lt;group&gt;</string>
		</dict>
		<key>387C4CB3173020E60002CA0B</key>
		<dict>
			<key>fileRef</key>
			<string>387C4CB2173020E60002CA0B</string>
			<key>isa</key>
			<string>PBXBuildFile</string>
		</dict>
		<key>387C4CB4173028D30002CA0B</key>
		<dict>
			<key>fileEncoding</key>
			<string>4</string>
			<key>isa</key>
			<string>PBXFileReference</string>
			<key>lastKnownFileType</key>
			<string>sourcecode.c.h</string>
			<key>path</key>
			<string>Stat.h</string>
			<key>sourceTree</key>
			<string>&lt;group&gt;</string>
		</dict>
		<key>387C4CB5173028D30002CA0B</key>
		<dict>
			<key>fileEncoding</key>
			<string>4</string>
			<key>isa</key>
			<string>PBXFileReference</string>
			<key>lastKnownFileType</key>
			<string>sourcecode.c.objc</string>
			<key>path</key>
			<string>Stat.m</string>
			<key>sourceTree</key>
			<string>&lt;group&gt;</string>
		</dict>
		<key>387C4CB6173028D30002CA0B</key>
		<dict>
			<key>fileRef</key>
			<string>387C4CB5173028D30002CA0B</string>
			<key>isa</key>
			<string>PBXBuildFile</string>
		</dict>
		<key>387C4CB7173033970002CA0B</key>
		<dict>
			<key>fileEncoding</key>
			<string>4</string>
			<key>isa</key>
			<string>PBXFileReference</string>
			<key>lastKnownFileType</key>
			<string>sourcecode.c.h</string>
			<key>path</key>
			<string>GamesMenuViewController.h</string>
			<key>sourceTree</key>
			<string>&lt;group&gt;</string>
		</dict>
		<key>387C4CB8173033970002CA0B</key>
		<dict>
			<key>fileEncoding</key>
			<string>4</string>
			<key>isa</key>
			<string>PBXFileReference</string>
			<key>lastKnownFileType</key>
			<string>sourcecode.c.objc</string>
			<key>path</key>
			<string>GamesMenuViewController.m</string>
			<key>sourceTree</key>
			<string>&lt;group&gt;</string>
		</dict>
		<key>387C4CB9173033970002CA0B</key>
		<dict>
			<key>fileRef</key>
			<string>387C4CB8173033970002CA0B</string>
			<key>isa</key>
			<string>PBXBuildFile</string>
		</dict>
		<key>387C4CBA17303AFC0002CA0B</key>
		<dict>
			<key>fileEncoding</key>
			<string>4</string>
			<key>isa</key>
			<string>PBXFileReference</string>
			<key>lastKnownFileType</key>
			<string>sourcecode.c.h</string>
			<key>name</key>
			<string>Play.h</string>
			<key>path</key>
			<string>../Play.h</string>
			<key>sourceTree</key>
			<string>&lt;group&gt;</string>
		</dict>
		<key>387C4CBB17303AFD0002CA0B</key>
		<dict>
			<key>fileEncoding</key>
			<string>4</string>
			<key>isa</key>
			<string>PBXFileReference</string>
			<key>lastKnownFileType</key>
			<string>sourcecode.c.objc</string>
			<key>name</key>
			<string>Play.m</string>
			<key>path</key>
			<string>../Play.m</string>
			<key>sourceTree</key>
			<string>&lt;group&gt;</string>
		</dict>
		<key>387C4CBC17303AFD0002CA0B</key>
		<dict>
			<key>fileRef</key>
			<string>387C4CBB17303AFD0002CA0B</string>
			<key>isa</key>
			<string>PBXBuildFile</string>
		</dict>
		<key>3897495C194BD20D001B13E6</key>
		<dict>
			<key>fileEncoding</key>
			<string>4</string>
			<key>isa</key>
			<string>PBXFileReference</string>
			<key>lastKnownFileType</key>
			<string>sourcecode.c.h</string>
			<key>path</key>
			<string>StatAnalysisVideoPlayer.h</string>
			<key>sourceTree</key>
			<string>&lt;group&gt;</string>
		</dict>
		<key>3897495D194BD20D001B13E6</key>
		<dict>
			<key>fileEncoding</key>
			<string>4</string>
			<key>isa</key>
			<string>PBXFileReference</string>
			<key>lastKnownFileType</key>
			<string>sourcecode.c.objc</string>
			<key>path</key>
			<string>StatAnalysisVideoPlayer.m</string>
			<key>sourceTree</key>
			<string>&lt;group&gt;</string>
		</dict>
		<key>3897495E194BD20D001B13E6</key>
		<dict>
			<key>fileRef</key>
			<string>3897495D194BD20D001B13E6</string>
			<key>isa</key>
			<string>PBXBuildFile</string>
		</dict>
		<key>3897495F194BD20D001B13E6</key>
		<dict>
			<key>fileRef</key>
			<string>3897495D194BD20D001B13E6</string>
			<key>isa</key>
			<string>PBXBuildFile</string>
		</dict>
		<key>38CD88BA17271E0A0099A3EB</key>
		<dict>
			<key>fileEncoding</key>
			<string>4</string>
			<key>isa</key>
			<string>PBXFileReference</string>
			<key>lastKnownFileType</key>
			<string>sourcecode.c.h</string>
			<key>path</key>
			<string>DrawingView.h</string>
			<key>sourceTree</key>
			<string>&lt;group&gt;</string>
		</dict>
		<key>38CD88BB17271E0A0099A3EB</key>
		<dict>
			<key>fileEncoding</key>
			<string>4</string>
			<key>isa</key>
			<string>PBXFileReference</string>
			<key>lastKnownFileType</key>
			<string>sourcecode.c.objc</string>
			<key>path</key>
			<string>DrawingView.m</string>
			<key>sourceTree</key>
			<string>&lt;group&gt;</string>
		</dict>
		<key>38CD88BC17271E0A0099A3EB</key>
		<dict>
			<key>fileRef</key>
			<string>38CD88BB17271E0A0099A3EB</string>
			<key>isa</key>
			<string>PBXBuildFile</string>
		</dict>
		<key>3BA351A8B584583F73B4B868</key>
		<dict>
			<key>includeInIndex</key>
			<string>1</string>
			<key>isa</key>
			<string>PBXFileReference</string>
			<key>lastKnownFileType</key>
			<string>text.xcconfig</string>
			<key>name</key>
			<string>Pods.release.xcconfig</string>
			<key>path</key>
			<string>Pods/Target Support Files/Pods/Pods.release.xcconfig</string>
			<key>sourceTree</key>
			<string>&lt;group&gt;</string>
		</dict>
		<key>8137AC22AF1A4BF591EC415D</key>
		<dict>
			<key>explicitFileType</key>
			<string>archive.ar</string>
			<key>includeInIndex</key>
			<string>0</string>
			<key>isa</key>
			<string>PBXFileReference</string>
			<key>path</key>
			<string>libPods.a</string>
			<key>sourceTree</key>
			<string>BUILT_PRODUCTS_DIR</string>
		</dict>
		<key>9182738118B549FFAA38C230</key>
		<dict>
			<key>fileRef</key>
			<string>8137AC22AF1A4BF591EC415D</string>
			<key>isa</key>
			<string>PBXBuildFile</string>
		</dict>
		<key>C0F12C0B621C05C7FD639A48</key>
		<dict>
			<key>includeInIndex</key>
			<string>1</string>
			<key>isa</key>
			<string>PBXFileReference</string>
			<key>lastKnownFileType</key>
			<string>text.xcconfig</string>
			<key>name</key>
			<string>Pods.debug.xcconfig</string>
			<key>path</key>
			<string>Pods/Target Support Files/Pods/Pods.debug.xcconfig</string>
			<key>sourceTree</key>
			<string>&lt;group&gt;</string>
		</dict>
		<key>F1467886184089FE00A6F792</key>
		<dict>
			<key>fileEncoding</key>
			<string>4</string>
			<key>isa</key>
			<string>PBXFileReference</string>
			<key>lastKnownFileType</key>
			<string>sourcecode.c.h</string>
			<key>path</key>
			<string>AnalysisLinesView.h</string>
			<key>sourceTree</key>
			<string>&lt;group&gt;</string>
		</dict>
		<key>F1467887184089FE00A6F792</key>
		<dict>
			<key>fileEncoding</key>
			<string>4</string>
			<key>isa</key>
			<string>PBXFileReference</string>
			<key>lastKnownFileType</key>
			<string>sourcecode.c.objc</string>
			<key>path</key>
			<string>AnalysisLinesView.m</string>
			<key>sourceTree</key>
			<string>&lt;group&gt;</string>
		</dict>
		<key>F1467888184089FF00A6F792</key>
		<dict>
			<key>fileRef</key>
			<string>F1467887184089FE00A6F792</string>
			<key>isa</key>
			<string>PBXBuildFile</string>
		</dict>
		<key>F1467889184089FF00A6F792</key>
		<dict>
			<key>fileRef</key>
			<string>F1467887184089FE00A6F792</string>
			<key>isa</key>
			<string>PBXBuildFile</string>
		</dict>
		<key>F170415A191DBF9C00D74882</key>
		<dict>
			<key>fileEncoding</key>
			<string>4</string>
			<key>isa</key>
			<string>PBXFileReference</string>
			<key>lastKnownFileType</key>
			<string>sourcecode.c.h</string>
			<key>path</key>
			<string>StatFilterView.h</string>
			<key>sourceTree</key>
			<string>&lt;group&gt;</string>
		</dict>
		<key>F170415B191DBF9C00D74882</key>
		<dict>
			<key>fileEncoding</key>
			<string>4</string>
			<key>isa</key>
			<string>PBXFileReference</string>
			<key>lastKnownFileType</key>
			<string>sourcecode.c.objc</string>
			<key>path</key>
			<string>StatFilterView.m</string>
			<key>sourceTree</key>
			<string>&lt;group&gt;</string>
		</dict>
		<key>F170415C191DBF9C00D74882</key>
		<dict>
			<key>fileRef</key>
			<string>F170415B191DBF9C00D74882</string>
			<key>isa</key>
			<string>PBXBuildFile</string>
		</dict>
		<key>F170415D191DBF9C00D74882</key>
		<dict>
			<key>fileRef</key>
			<string>F170415B191DBF9C00D74882</string>
			<key>isa</key>
			<string>PBXBuildFile</string>
		</dict>
		<key>F170B4D11757B92400ED6597</key>
		<dict>
			<key>fileEncoding</key>
			<string>4</string>
			<key>isa</key>
			<string>PBXFileReference</string>
			<key>lastKnownFileType</key>
			<string>sourcecode.c.h</string>
			<key>path</key>
			<string>StatEntryView.h</string>
			<key>sourceTree</key>
			<string>&lt;group&gt;</string>
		</dict>
		<key>F170B4D21757B92400ED6597</key>
		<dict>
			<key>fileEncoding</key>
			<string>4</string>
			<key>isa</key>
			<string>PBXFileReference</string>
			<key>lastKnownFileType</key>
			<string>sourcecode.c.objc</string>
			<key>path</key>
			<string>StatEntryView.m</string>
			<key>sourceTree</key>
			<string>&lt;group&gt;</string>
		</dict>
		<key>F170B4D31757B92500ED6597</key>
		<dict>
			<key>fileRef</key>
			<string>F170B4D21757B92400ED6597</string>
			<key>isa</key>
			<string>PBXBuildFile</string>
		</dict>
		<key>F19772FC18B9079900C9A677</key>
		<dict>
			<key>fileEncoding</key>
			<string>4</string>
			<key>isa</key>
			<string>PBXFileReference</string>
			<key>lastKnownFileType</key>
			<string>sourcecode.c.h</string>
			<key>path</key>
			<string>AVPlayerView.h</string>
			<key>sourceTree</key>
			<string>&lt;group&gt;</string>
		</dict>
		<key>F19772FD18B9079900C9A677</key>
		<dict>
			<key>fileEncoding</key>
			<string>4</string>
			<key>isa</key>
			<string>PBXFileReference</string>
			<key>lastKnownFileType</key>
			<string>sourcecode.c.objc</string>
			<key>path</key>
			<string>AVPlayerView.m</string>
			<key>sourceTree</key>
			<string>&lt;group&gt;</string>
		</dict>
		<key>F19772FE18B9079900C9A677</key>
		<dict>
			<key>fileRef</key>
			<string>F19772FD18B9079900C9A677</string>
			<key>isa</key>
			<string>PBXBuildFile</string>
		</dict>
		<key>F19772FF18B9079900C9A677</key>
		<dict>
			<key>fileRef</key>
			<string>F19772FD18B9079900C9A677</string>
			<key>isa</key>
			<string>PBXBuildFile</string>
		</dict>
		<key>F197730018B9087F00C9A677</key>
		<dict>
			<key>isa</key>
			<string>PBXFileReference</string>
			<key>lastKnownFileType</key>
			<string>wrapper.framework</string>
			<key>name</key>
			<string>AVFoundation.framework</string>
			<key>path</key>
			<string>System/Library/Frameworks/AVFoundation.framework</string>
			<key>sourceTree</key>
			<string>SDKROOT</string>
		</dict>
		<key>F197730118B9087F00C9A677</key>
		<dict>
			<key>fileRef</key>
			<string>F197730018B9087F00C9A677</string>
			<key>isa</key>
			<string>PBXBuildFile</string>
		</dict>
		<key>F197730218B90CFC00C9A677</key>
		<dict>
			<key>isa</key>
			<string>PBXFileReference</string>
			<key>lastKnownFileType</key>
			<string>wrapper.framework</string>
			<key>name</key>
			<string>CoreMedia.framework</string>
			<key>path</key>
			<string>System/Library/Frameworks/CoreMedia.framework</string>
			<key>sourceTree</key>
			<string>SDKROOT</string>
		</dict>
		<key>F197730318B90CFC00C9A677</key>
		<dict>
			<key>fileRef</key>
			<string>F197730218B90CFC00C9A677</string>
			<key>isa</key>
			<string>PBXBuildFile</string>
		</dict>
		<key>F19E85D617BFD53B005F7FE7</key>
		<dict>
			<key>isa</key>
			<string>PBXFileReference</string>
			<key>lastKnownFileType</key>
			<string>wrapper.framework</string>
			<key>path</key>
			<string>Reveal.framework</string>
			<key>sourceTree</key>
			<string>&lt;group&gt;</string>
		</dict>
		<key>F19E85D717BFD53B005F7FE7</key>
		<dict>
			<key>fileRef</key>
			<string>F19E85D617BFD53B005F7FE7</string>
			<key>isa</key>
			<string>PBXBuildFile</string>
		</dict>
		<key>F19E85D817BFD580005F7FE7</key>
		<dict>
			<key>isa</key>
			<string>PBXFileReference</string>
			<key>lastKnownFileType</key>
			<string>wrapper.framework</string>
			<key>name</key>
			<string>CFNetwork.framework</string>
			<key>path</key>
			<string>System/Library/Frameworks/CFNetwork.framework</string>
			<key>sourceTree</key>
			<string>SDKROOT</string>
		</dict>
		<key>F19E85D917BFD580005F7FE7</key>
		<dict>
			<key>fileRef</key>
			<string>F19E85D817BFD580005F7FE7</string>
			<key>isa</key>
			<string>PBXBuildFile</string>
		</dict>
		<key>F19E85DA17BFD585005F7FE7</key>
		<dict>
			<key>isa</key>
			<string>PBXFileReference</string>
			<key>lastKnownFileType</key>
			<string>wrapper.framework</string>
			<key>name</key>
			<string>QuartzCore.framework</string>
			<key>path</key>
			<string>System/Library/Frameworks/QuartzCore.framework</string>
			<key>sourceTree</key>
			<string>SDKROOT</string>
		</dict>
		<key>F19E85DB17BFD585005F7FE7</key>
		<dict>
			<key>fileRef</key>
			<string>F19E85DA17BFD585005F7FE7</string>
			<key>isa</key>
			<string>PBXBuildFile</string>
		</dict>
		<key>F1A07125178B7A9700FED04E</key>
		<dict>
			<key>fileEncoding</key>
			<string>4</string>
			<key>isa</key>
			<string>PBXFileReference</string>
			<key>lastKnownFileType</key>
			<string>sourcecode.c.h</string>
			<key>path</key>
			<string>StatEventButtonsView.h</string>
			<key>sourceTree</key>
			<string>&lt;group&gt;</string>
		</dict>
		<key>F1A07126178B7A9700FED04E</key>
		<dict>
			<key>fileEncoding</key>
			<string>4</string>
			<key>isa</key>
			<string>PBXFileReference</string>
			<key>lastKnownFileType</key>
			<string>sourcecode.c.objc</string>
			<key>path</key>
			<string>StatEventButtonsView.m</string>
			<key>sourceTree</key>
			<string>&lt;group&gt;</string>
		</dict>
		<key>F1A07127178B7A9700FED04E</key>
		<dict>
			<key>fileRef</key>
			<string>F1A07126178B7A9700FED04E</string>
			<key>isa</key>
			<string>PBXBuildFile</string>
		</dict>
		<key>F1A07128178B8BE600FED04E</key>
		<dict>
			<key>fileEncoding</key>
			<string>4</string>
			<key>isa</key>
			<string>PBXFileReference</string>
			<key>lastKnownFileType</key>
			<string>sourcecode.c.h</string>
			<key>path</key>
			<string>StatListViewCell.h</string>
			<key>sourceTree</key>
			<string>&lt;group&gt;</string>
		</dict>
		<key>F1A07129178B8BE600FED04E</key>
		<dict>
			<key>fileEncoding</key>
			<string>4</string>
			<key>isa</key>
			<string>PBXFileReference</string>
			<key>lastKnownFileType</key>
			<string>sourcecode.c.objc</string>
			<key>path</key>
			<string>StatListViewCell.m</string>
			<key>sourceTree</key>
			<string>&lt;group&gt;</string>
		</dict>
		<key>F1A0712A178B8BE600FED04E</key>
		<dict>
			<key>fileRef</key>
			<string>F1A07129178B8BE600FED04E</string>
			<key>isa</key>
			<string>PBXBuildFile</string>
		</dict>
		<key>F1A078481895792C006D54ED</key>
		<dict>
			<key>isa</key>
			<string>PBXFileReference</string>
			<key>lastKnownFileType</key>
			<string>wrapper.framework</string>
			<key>name</key>
			<string>MediaPlayer.framework</string>
			<key>path</key>
			<string>System/Library/Frameworks/MediaPlayer.framework</string>
			<key>sourceTree</key>
			<string>SDKROOT</string>
		</dict>
		<key>F1A078491895792C006D54ED</key>
		<dict>
			<key>fileRef</key>
			<string>F1A078481895792C006D54ED</string>
			<key>isa</key>
			<string>PBXBuildFile</string>
		</dict>
		<key>F1A8DC8A17A0C85800B62DA6</key>
		<dict>
			<key>fileEncoding</key>
			<string>4</string>
			<key>isa</key>
			<string>PBXFileReference</string>
			<key>lastKnownFileType</key>
			<string>sourcecode.c.h</string>
			<key>path</key>
			<string>ToggleButtonView.h</string>
			<key>sourceTree</key>
			<string>&lt;group&gt;</string>
		</dict>
		<key>F1A8DC8B17A0C85800B62DA6</key>
		<dict>
			<key>fileEncoding</key>
			<string>4</string>
			<key>isa</key>
			<string>PBXFileReference</string>
			<key>lastKnownFileType</key>
			<string>sourcecode.c.objc</string>
			<key>path</key>
			<string>ToggleButtonView.m</string>
			<key>sourceTree</key>
			<string>&lt;group&gt;</string>
		</dict>
		<key>F1A8DC8C17A0C85900B62DA6</key>
		<dict>
			<key>fileRef</key>
			<string>F1A8DC8B17A0C85800B62DA6</string>
			<key>isa</key>
			<string>PBXBuildFile</string>
		</dict>
		<key>F1AAB57D1987F987003F3221</key>
		<dict>
			<key>fileEncoding</key>
			<string>4</string>
			<key>isa</key>
			<string>PBXFileReference</string>
			<key>lastKnownFileType</key>
			<string>sourcecode.c.h</string>
			<key>path</key>
			<string>StatAnalysisTableView.h</string>
			<key>sourceTree</key>
			<string>&lt;group&gt;</string>
		</dict>
		<key>F1AAB57E1987F987003F3221</key>
		<dict>
			<key>fileEncoding</key>
			<string>4</string>
			<key>isa</key>
			<string>PBXFileReference</string>
			<key>lastKnownFileType</key>
			<string>sourcecode.c.objc</string>
			<key>path</key>
			<string>StatAnalysisTableView.m</string>
			<key>sourceTree</key>
			<string>&lt;group&gt;</string>
		</dict>
		<key>F1AAB57F1987F987003F3221</key>
		<dict>
			<key>fileRef</key>
			<string>F1AAB57E1987F987003F3221</string>
			<key>isa</key>
			<string>PBXBuildFile</string>
		</dict>
		<key>F1B0F0BA1979A5D10076560C</key>
		<dict>
			<key>isa</key>
			<string>PBXFileReference</string>
			<key>lastKnownFileType</key>
			<string>image.png</string>
			<key>path</key>
			<string>cleanButton.png</string>
			<key>sourceTree</key>
			<string>&lt;group&gt;</string>
		</dict>
		<key>F1B0F0BB1979A5D10076560C</key>
		<dict>
			<key>fileRef</key>
			<string>F1B0F0BA1979A5D10076560C</string>
			<key>isa</key>
			<string>PBXBuildFile</string>
		</dict>
		<key>F1B0F0BE1979A8770076560C</key>
		<dict>
			<key>isa</key>
			<string>PBXFileReference</string>
			<key>lastKnownFileType</key>
			<string>image.png</string>
			<key>path</key>
			<string>greyButton.png</string>
			<key>sourceTree</key>
			<string>&lt;group&gt;</string>
		</dict>
		<key>F1B0F0BF1979A8770076560C</key>
		<dict>
			<key>fileRef</key>
			<string>F1B0F0BE1979A8770076560C</string>
			<key>isa</key>
			<string>PBXBuildFile</string>
		</dict>
		<key>F1CD0DB8173C8715006F4A32</key>
		<dict>
			<key>children</key>
			<array>
				<string>F1CD0DB9173C877B006F4A32</string>
				<string>F1CD0DBA173C877B006F4A32</string>
			</array>
			<key>isa</key>
			<string>PBXGroup</string>
			<key>name</key>
			<string>Analysis</string>
			<key>sourceTree</key>
			<string>&lt;group&gt;</string>
		</dict>
		<key>F1CD0DB9173C877B006F4A32</key>
		<dict>
			<key>fileEncoding</key>
			<string>4</string>
			<key>isa</key>
			<string>PBXFileReference</string>
			<key>lastKnownFileType</key>
			<string>sourcecode.c.h</string>
			<key>path</key>
			<string>StatAnalyzer.h</string>
			<key>sourceTree</key>
			<string>&lt;group&gt;</string>
		</dict>
		<key>F1CD0DBA173C877B006F4A32</key>
		<dict>
			<key>fileEncoding</key>
			<string>4</string>
			<key>isa</key>
			<string>PBXFileReference</string>
			<key>lastKnownFileType</key>
			<string>sourcecode.c.objc</string>
			<key>path</key>
			<string>StatAnalyzer.m</string>
			<key>sourceTree</key>
			<string>&lt;group&gt;</string>
		</dict>
		<key>F1CD0DBB173C877B006F4A32</key>
		<dict>
			<key>fileRef</key>
			<string>F1CD0DBA173C877B006F4A32</string>
			<key>isa</key>
			<string>PBXBuildFile</string>
		</dict>
		<key>F1CE9B671770099F00D63DD8</key>
		<dict>
			<key>fileEncoding</key>
			<string>4</string>
			<key>isa</key>
			<string>PBXFileReference</string>
			<key>lastKnownFileType</key>
			<string>sourcecode.c.h</string>
			<key>path</key>
			<string>PlayListView.h</string>
			<key>sourceTree</key>
			<string>&lt;group&gt;</string>
		</dict>
		<key>F1CE9B681770099F00D63DD8</key>
		<dict>
			<key>fileEncoding</key>
			<string>4</string>
			<key>isa</key>
			<string>PBXFileReference</string>
			<key>lastKnownFileType</key>
			<string>sourcecode.c.objc</string>
			<key>path</key>
			<string>PlayListView.m</string>
			<key>sourceTree</key>
			<string>&lt;group&gt;</string>
		</dict>
		<key>F1CE9B691770099F00D63DD8</key>
		<dict>
			<key>fileRef</key>
			<string>F1CE9B681770099F00D63DD8</string>
			<key>isa</key>
			<string>PBXBuildFile</string>
		</dict>
		<key>F1CE9B6A17700B0700D63DD8</key>
		<dict>
			<key>fileEncoding</key>
			<string>4</string>
			<key>isa</key>
			<string>PBXFileReference</string>
			<key>lastKnownFileType</key>
			<string>sourcecode.c.h</string>
			<key>path</key>
			<string>PlayListViewCell.h</string>
			<key>sourceTree</key>
			<string>&lt;group&gt;</string>
		</dict>
		<key>F1CE9B6B17700B0700D63DD8</key>
		<dict>
			<key>fileEncoding</key>
			<string>4</string>
			<key>isa</key>
			<string>PBXFileReference</string>
			<key>lastKnownFileType</key>
			<string>sourcecode.c.objc</string>
			<key>path</key>
			<string>PlayListViewCell.m</string>
			<key>sourceTree</key>
			<string>&lt;group&gt;</string>
		</dict>
		<key>F1CE9B6C17700B0700D63DD8</key>
		<dict>
			<key>fileRef</key>
			<string>F1CE9B6B17700B0700D63DD8</string>
			<key>isa</key>
			<string>PBXBuildFile</string>
		</dict>
		<key>F1F8EA4E1930436000D2FDA5</key>
		<dict>
			<key>isa</key>
			<string>PBXFileReference</string>
			<key>lastKnownFileType</key>
			<string>image.png</string>
			<key>path</key>
			<string>Default.png</string>
			<key>sourceTree</key>
			<string>&lt;group&gt;</string>
		</dict>
		<key>F1F8EA4F1930436000D2FDA5</key>
		<dict>
			<key>fileRef</key>
			<string>F1F8EA4E1930436000D2FDA5</string>
			<key>isa</key>
			<string>PBXBuildFile</string>
		</dict>
		<key>F1F8EA56193047E300D2FDA5</key>
		<dict>
			<key>isa</key>
			<string>PBXFileReference</string>
			<key>lastKnownFileType</key>
			<string>image.png</string>
			<key>path</key>
			<string>Icon.png</string>
			<key>sourceTree</key>
			<string>&lt;group&gt;</string>
		</dict>
		<key>F1F8EA57193047E300D2FDA5</key>
		<dict>
			<key>fileRef</key>
			<string>F1F8EA56193047E300D2FDA5</string>
			<key>isa</key>
			<string>PBXBuildFile</string>
		</dict>
	</dict>
	<key>rootObject</key>
	<string>380F580A171711CE005ED397</string>
</dict>
</plist>
